
Microsoft Visual Studio Solution File, Format Version 12.00
# Visual Studio 15
VisualStudioVersion = 15.0.27004.2008
MinimumVisualStudioVersion = 10.0.40219.1
Project("{2150E333-8FDC-42A3-9474-1A3956D46DE8}") = "src", "src", "{A9E3AD0D-91F4-48B4-9509-5C06B54C7374}"
EndProject
Project("{2150E333-8FDC-42A3-9474-1A3956D46DE8}") = "test", "test", "{44730D39-C672-4CC0-B983-26CC9D7E59C1}"
EndProject
Project("{9A19103F-16F7-4668-BE54-9A1E7A4F7556}") = "DlibDotNet.Tests", "test\DlibDotNet.Tests\DlibDotNet.Tests.csproj", "{DF8702F7-691D-4B82-BD1B-A4DB64B081F0}"
EndProject
Project("{9A19103F-16F7-4668-BE54-9A1E7A4F7556}") = "DlibDotNet", "src\DlibDotNet\DlibDotNet.csproj", "{B13A6288-7B69-4B53-9138-2E20A8D5CFC5}"
EndProject
Project("{2150E333-8FDC-42A3-9474-1A3956D46DE8}") = "Solution Items", "Solution Items", "{725DA5C9-9A1B-49BC-8F19-2A403753D8E8}"
EndProject
Project("{2150E333-8FDC-42A3-9474-1A3956D46DE8}") = "examples", "examples", "{19C83FDC-2BC9-42D6-9F51-3A0B822FABAD}"
EndProject
Project("{9A19103F-16F7-4668-BE54-9A1E7A4F7556}") = "VideoTracking", "examples\VideoTracking\VideoTracking.csproj", "{A6C32CF9-EA77-44C2-B798-2C3BF650B260}"
EndProject
Project("{9A19103F-16F7-4668-BE54-9A1E7A4F7556}") = "FaceDetection", "examples\FaceDetection\FaceDetection.csproj", "{7C687B03-B59D-4892-B1D8-9924863FA04C}"
EndProject
Project("{9A19103F-16F7-4668-BE54-9A1E7A4F7556}") = "FaceLandmarkDetection", "examples\FaceLandmarkDetection\FaceLandmarkDetection.csproj", "{76458653-510C-44DB-9DB4-6888EF203DD0}"
EndProject
Project("{9A19103F-16F7-4668-BE54-9A1E7A4F7556}") = "HoughTransform", "examples\HoughTransform\HoughTransform.csproj", "{1E3E89DF-8FE3-483E-BA21-6469694F7C0F}"
EndProject
Project("{9A19103F-16F7-4668-BE54-9A1E7A4F7556}") = "MaxCostAssignment", "examples\MaxCostAssignment\MaxCostAssignment.csproj", "{2C838B0E-5C99-4CAB-8A29-A05AEAD18FF0}"
EndProject
Project("{9A19103F-16F7-4668-BE54-9A1E7A4F7556}") = "RandomCropper", "examples\RandomCropper\RandomCropper.csproj", "{7A5F1035-906E-4F26-9FD1-8FC98D8F7F35}"
EndProject
Project("{9A19103F-16F7-4668-BE54-9A1E7A4F7556}") = "Image", "examples\Image\Image.csproj", "{63DE55FB-3997-4BBA-8709-98EAB475100A}"
EndProject
Project("{9A19103F-16F7-4668-BE54-9A1E7A4F7556}") = "Mlp", "examples\Mlp\Mlp.csproj", "{70310CB2-F68C-4DC7-BCD6-730E6A0228D3}"
EndProject
Project("{9A19103F-16F7-4668-BE54-9A1E7A4F7556}") = "RunningStats", "examples\RunningStats\RunningStats.csproj", "{CA7890D8-F34F-4A12-A0F2-E7CAAC61CF56}"
EndProject
Project("{9A19103F-16F7-4668-BE54-9A1E7A4F7556}") = "FHog", "examples\FHog\FHog.csproj", "{7945CA45-B9C6-4EDF-9794-6B3B9DD9EE5E}"
EndProject
Project("{9A19103F-16F7-4668-BE54-9A1E7A4F7556}") = "3DPointCloud", "examples\3DPointCloud\3DPointCloud.csproj", "{B16B534A-75FA-4299-9EF9-F4DF801266A0}"
EndProject
Project("{9A19103F-16F7-4668-BE54-9A1E7A4F7556}") = "Surf", "examples\Surf\Surf.csproj", "{6E027771-5500-4555-822C-C7FE6AC8709D}"
EndProject
Project("{FAE04EC0-301F-11D3-BF4B-00C04F79EFBC}") = "DlibDotNet.Extensions", "src\DlibDotNet.Extensions\DlibDotNet.Extensions.csproj", "{D3BFF103-53CB-46DC-A0E8-05A01E11099B}"
EndProject
Project("{2150E333-8FDC-42A3-9474-1A3956D46DE8}") = "WinForms", "WinForms", "{4082257D-FC8E-4D37-8489-89AAFC9D4A38}"
EndProject
Project("{FAE04EC0-301F-11D3-BF4B-00C04F79EFBC}") = "FaceDetection", "examples\WinForms\FaceDetection\FaceDetection.csproj", "{1523DA42-DB7E-47B5-8AE6-305100F3891A}"
EndProject
Project("{2150E333-8FDC-42A3-9474-1A3956D46DE8}") = "WPF", "WPF", "{5452AAEA-A679-4056-A2F7-8B6F8137CCAC}"
EndProject
Project("{FAE04EC0-301F-11D3-BF4B-00C04F79EFBC}") = "FaceDetection", "examples\WPF\FaceDetection\FaceDetection.csproj", "{9575AC94-3760-483F-9403-A77E7CFE8F46}"
EndProject
Project("{FAE04EC0-301F-11D3-BF4B-00C04F79EFBC}") = "FaceLandmarkDetection", "examples\WinForms\FaceLandmarkDetection\FaceLandmarkDetection.csproj", "{1523DA42-DB7E-47B5-8AE6-305100F3891B}"
EndProject
Project("{FAE04EC0-301F-11D3-BF4B-00C04F79EFBC}") = "FaceLandmarkDetection", "examples\WPF\FaceLandmarkDetection\FaceLandmarkDetection.csproj", "{9575AC94-3760-483F-9403-A77E7CFE8F47}"
EndProject
Project("{FAE04EC0-301F-11D3-BF4B-00C04F79EFBC}") = "DlibDotNet.Extensions.Tests", "test\DlibDotNet.Extensions.Tests\DlibDotNet.Extensions.Tests.csproj", "{2A75C8B3-5122-4E7E-A0CF-A0AD5FFA60B2}"
EndProject
Project("{9A19103F-16F7-4668-BE54-9A1E7A4F7556}") = "DnnFaceRecognition", "examples\DnnFaceRecognition\DnnFaceRecognition.csproj", "{C6EFE2AC-63BD-4574-B4A1-9AC80CA5AD2E}"
EndProject
Project("{9A19103F-16F7-4668-BE54-9A1E7A4F7556}") = "DnnMmodFaceDetection", "examples\DnnMmodFaceDetection\DnnMmodFaceDetection.csproj", "{A6302463-CC32-4060-B8DF-466479046038}"
EndProject
Project("{9A19103F-16F7-4668-BE54-9A1E7A4F7556}") = "DnnSemanticSegmentation", "examples\DnnSemanticSegmentation\DnnSemanticSegmentation.csproj", "{4DF84F72-0995-44ED-AC0A-A07327F078A2}"
EndProject
Project("{9A19103F-16F7-4668-BE54-9A1E7A4F7556}") = "DnnInception", "examples\DnnInception\DnnInception.csproj", "{F09EAEEB-6630-452D-A6AB-1DCB7E24EE68}"
EndProject
Project("{9A19103F-16F7-4668-BE54-9A1E7A4F7556}") = "FHogObjectDetector", "examples\FHogObjectDetector\FHogObjectDetector.csproj", "{FC0416FA-3D07-4924-8E5F-E49D833CD58F}"
EndProject
Project("{9A19103F-16F7-4668-BE54-9A1E7A4F7556}") = "WebcamFacePose", "examples\WebcamFacePose\WebcamFacePose.csproj", "{0F66ED6A-B9E2-483D-99E3-67D71706C449}"
EndProject
Project("{9A19103F-16F7-4668-BE54-9A1E7A4F7556}") = "DnnMmodFindCars", "examples\DnnMmodFindCars\DnnMmodFindCars.csproj", "{590A529B-0078-44C6-90B7-03DBD869E689}"
EndProject
Project("{2150E333-8FDC-42A3-9474-1A3956D46DE8}") = "UWP", "UWP", "{C4B3EE2C-BF21-4AF9-9CB7-F16D37FAD9FE}"
EndProject
Project("{FAE04EC0-301F-11D3-BF4B-00C04F79EFBC}") = "FaceDetection", "examples\UWP\FaceDetection\FaceDetection.csproj", "{AA7A423E-7C41-4285-A89B-FFC04003692E}"
EndProject
Project("{2150E333-8FDC-42A3-9474-1A3956D46DE8}") = "tools", "tools", "{0705A394-A139-4ECB-94DC-F20DE9B66960}"
EndProject
Project("{FAE04EC0-301F-11D3-BF4B-00C04F79EFBC}") = "ImgLab", "tools\ImgLab\ImgLab.csproj", "{C065786A-C662-416E-98DE-93D918C81D1B}"
EndProject
Project("{9A19103F-16F7-4668-BE54-9A1E7A4F7556}") = "DnnMmodDogHipsterizer", "examples\DnnMmodDogHipsterizer\DnnMmodDogHipsterizer.csproj", "{183EF3A0-DBFE-4014-A7C6-D12C656F9BB7}"
EndProject
Project("{9A19103F-16F7-4668-BE54-9A1E7A4F7556}") = "DnnMmod", "examples\DnnMmod\DnnMmod.csproj", "{07DEB9CC-8FA7-44CC-9052-3AB9DDC000D4}"
EndProject
Project("{9A19103F-16F7-4668-BE54-9A1E7A4F7556}") = "DnnMmodTrainFindCars", "examples\DnnMmodTrainFindCars\DnnMmodTrainFindCars.csproj", "{A6D66CAE-ED19-4C11-86DD-34105D27317F}"
EndProject
Project("{9A19103F-16F7-4668-BE54-9A1E7A4F7556}") = "DnnSemanticSegmentationOld", "examples\DnnSemanticSegmentationOld\DnnSemanticSegmentationOld.csproj", "{D0AABA60-5A22-4694-8507-D5808689746A}"
EndProject
Project("{9A19103F-16F7-4668-BE54-9A1E7A4F7556}") = "DnnSemanticSegmentationTrainOld", "examples\DnnSemanticSegmentationTrainOld\DnnSemanticSegmentationTrainOld.csproj", "{D3E632BE-C802-4A19-8377-B18A88DA5D2D}"
EndProject
Project("{9A19103F-16F7-4668-BE54-9A1E7A4F7556}") = "Pipe", "examples\Pipe\Pipe.csproj", "{0489B9AE-070E-4467-9B2C-DBE10E56C83D}"
EndProject
Project("{9A19103F-16F7-4668-BE54-9A1E7A4F7556}") = "DnnSemanticSegmentationTrain", "examples\DnnSemanticSegmentationTrain\DnnSemanticSegmentationTrain.csproj", "{951D0376-47A8-4EE8-9B32-5849F8E5BE2B}"
EndProject
Project("{9A19103F-16F7-4668-BE54-9A1E7A4F7556}") = "DnnMmodFindCars2", "examples\DnnMmodFindCars2\DnnMmodFindCars2.csproj", "{3B7AAF0C-1724-4410-BB66-FA4F72C3F1CA}"
EndProject
Project("{9A19103F-16F7-4668-BE54-9A1E7A4F7556}") = "TrainShapePredictor", "examples\TrainShapePredictor\TrainShapePredictor.csproj", "{2A70A127-53A6-46F4-A04E-C3307EE95D5E}"
EndProject
Project("{9A19103F-16F7-4668-BE54-9A1E7A4F7556}") = "DnnIntroduction", "examples\DnnIntroduction\DnnIntroduction.csproj", "{4376DDDD-8B43-407E-A24A-BFFA38D11446}"
EndProject
Project("{9A19103F-16F7-4668-BE54-9A1E7A4F7556}") = "Logger2", "examples\Logger2\Logger2.csproj", "{A0A2E777-961E-485C-B7F9-4CB42CEB6824}"
EndProject
Project("{9A19103F-16F7-4668-BE54-9A1E7A4F7556}") = "Logger", "examples\Logger\Logger.csproj", "{9AEB5B32-9545-417A-959D-2989D5BC2AFF}"
EndProject
Project("{9A19103F-16F7-4668-BE54-9A1E7A4F7556}") = "LoggerCustomOutput", "examples\LoggerCustomOutput\LoggerCustomOutput.csproj", "{6AD29792-DEFB-4C2F-8E53-2364F2EE52D9}"
EndProject
Project("{9A19103F-16F7-4668-BE54-9A1E7A4F7556}") = "Queue", "examples\Queue\Queue.csproj", "{992C9614-1533-48E6-BFE7-5A65E99DAF61}"
EndProject
Project("{9A19103F-16F7-4668-BE54-9A1E7A4F7556}") = "KCentroid", "examples\KCentroid\KCentroid.csproj", "{F431E84F-774C-4267-B862-044973F0CE75}"
EndProject
Project("{9A19103F-16F7-4668-BE54-9A1E7A4F7556}") = "KKMeans", "examples\KKMeans\KKMeans.csproj", "{E228B38F-9330-4251-A967-3953CFDF1901}"
EndProject
Project("{9A19103F-16F7-4668-BE54-9A1E7A4F7556}") = "KrlsFilter", "examples\KrlsFilter\KrlsFilter.csproj", "{8F2E14B7-8594-4B7B-BF8E-D87265D8FF19}"
EndProject
Project("{9A19103F-16F7-4668-BE54-9A1E7A4F7556}") = "Krls", "examples\Krls\Krls.csproj", "{435CA6E6-EA96-4E62-B781-7BE61881A753}"
EndProject
Global
	GlobalSection(SolutionConfigurationPlatforms) = preSolution
		Debug|Any CPU = Debug|Any CPU
		Debug|ARM = Debug|ARM
		Debug|x64 = Debug|x64
		Debug|x86 = Debug|x86
		Release|Any CPU = Release|Any CPU
		Release|ARM = Release|ARM
		Release|x64 = Release|x64
		Release|x86 = Release|x86
	EndGlobalSection
	GlobalSection(ProjectConfigurationPlatforms) = postSolution
		{DF8702F7-691D-4B82-BD1B-A4DB64B081F0}.Debug|Any CPU.ActiveCfg = Debug|Any CPU
		{DF8702F7-691D-4B82-BD1B-A4DB64B081F0}.Debug|Any CPU.Build.0 = Debug|Any CPU
		{DF8702F7-691D-4B82-BD1B-A4DB64B081F0}.Debug|ARM.ActiveCfg = Debug|Any CPU
		{DF8702F7-691D-4B82-BD1B-A4DB64B081F0}.Debug|ARM.Build.0 = Debug|Any CPU
		{DF8702F7-691D-4B82-BD1B-A4DB64B081F0}.Debug|x64.ActiveCfg = Debug|Any CPU
		{DF8702F7-691D-4B82-BD1B-A4DB64B081F0}.Debug|x64.Build.0 = Debug|Any CPU
		{DF8702F7-691D-4B82-BD1B-A4DB64B081F0}.Debug|x86.ActiveCfg = Debug|Any CPU
		{DF8702F7-691D-4B82-BD1B-A4DB64B081F0}.Debug|x86.Build.0 = Debug|Any CPU
		{DF8702F7-691D-4B82-BD1B-A4DB64B081F0}.Release|Any CPU.ActiveCfg = Release|Any CPU
		{DF8702F7-691D-4B82-BD1B-A4DB64B081F0}.Release|Any CPU.Build.0 = Release|Any CPU
		{DF8702F7-691D-4B82-BD1B-A4DB64B081F0}.Release|ARM.ActiveCfg = Debug|Any CPU
		{DF8702F7-691D-4B82-BD1B-A4DB64B081F0}.Release|ARM.Build.0 = Debug|Any CPU
		{DF8702F7-691D-4B82-BD1B-A4DB64B081F0}.Release|x64.ActiveCfg = Debug|Any CPU
		{DF8702F7-691D-4B82-BD1B-A4DB64B081F0}.Release|x64.Build.0 = Debug|Any CPU
		{DF8702F7-691D-4B82-BD1B-A4DB64B081F0}.Release|x86.ActiveCfg = Debug|Any CPU
		{DF8702F7-691D-4B82-BD1B-A4DB64B081F0}.Release|x86.Build.0 = Debug|Any CPU
		{B13A6288-7B69-4B53-9138-2E20A8D5CFC5}.Debug|Any CPU.ActiveCfg = Debug|Any CPU
		{B13A6288-7B69-4B53-9138-2E20A8D5CFC5}.Debug|Any CPU.Build.0 = Debug|Any CPU
		{B13A6288-7B69-4B53-9138-2E20A8D5CFC5}.Debug|ARM.ActiveCfg = Debug|Any CPU
		{B13A6288-7B69-4B53-9138-2E20A8D5CFC5}.Debug|ARM.Build.0 = Debug|Any CPU
		{B13A6288-7B69-4B53-9138-2E20A8D5CFC5}.Debug|x64.ActiveCfg = Debug|Any CPU
		{B13A6288-7B69-4B53-9138-2E20A8D5CFC5}.Debug|x64.Build.0 = Debug|Any CPU
		{B13A6288-7B69-4B53-9138-2E20A8D5CFC5}.Debug|x86.ActiveCfg = Debug|Any CPU
		{B13A6288-7B69-4B53-9138-2E20A8D5CFC5}.Debug|x86.Build.0 = Debug|Any CPU
		{B13A6288-7B69-4B53-9138-2E20A8D5CFC5}.Release|Any CPU.ActiveCfg = Release|Any CPU
		{B13A6288-7B69-4B53-9138-2E20A8D5CFC5}.Release|Any CPU.Build.0 = Release|Any CPU
		{B13A6288-7B69-4B53-9138-2E20A8D5CFC5}.Release|ARM.ActiveCfg = Release|Any CPU
		{B13A6288-7B69-4B53-9138-2E20A8D5CFC5}.Release|ARM.Build.0 = Release|Any CPU
		{B13A6288-7B69-4B53-9138-2E20A8D5CFC5}.Release|x64.ActiveCfg = Release|Any CPU
		{B13A6288-7B69-4B53-9138-2E20A8D5CFC5}.Release|x64.Build.0 = Release|Any CPU
		{B13A6288-7B69-4B53-9138-2E20A8D5CFC5}.Release|x86.ActiveCfg = Release|Any CPU
		{B13A6288-7B69-4B53-9138-2E20A8D5CFC5}.Release|x86.Build.0 = Release|Any CPU
		{A6C32CF9-EA77-44C2-B798-2C3BF650B260}.Debug|Any CPU.ActiveCfg = Debug|Any CPU
		{A6C32CF9-EA77-44C2-B798-2C3BF650B260}.Debug|Any CPU.Build.0 = Debug|Any CPU
		{A6C32CF9-EA77-44C2-B798-2C3BF650B260}.Debug|ARM.ActiveCfg = Debug|Any CPU
		{A6C32CF9-EA77-44C2-B798-2C3BF650B260}.Debug|ARM.Build.0 = Debug|Any CPU
		{A6C32CF9-EA77-44C2-B798-2C3BF650B260}.Debug|x64.ActiveCfg = Debug|Any CPU
		{A6C32CF9-EA77-44C2-B798-2C3BF650B260}.Debug|x64.Build.0 = Debug|Any CPU
		{A6C32CF9-EA77-44C2-B798-2C3BF650B260}.Debug|x86.ActiveCfg = Debug|Any CPU
		{A6C32CF9-EA77-44C2-B798-2C3BF650B260}.Debug|x86.Build.0 = Debug|Any CPU
		{A6C32CF9-EA77-44C2-B798-2C3BF650B260}.Release|Any CPU.ActiveCfg = Release|Any CPU
		{A6C32CF9-EA77-44C2-B798-2C3BF650B260}.Release|Any CPU.Build.0 = Release|Any CPU
		{A6C32CF9-EA77-44C2-B798-2C3BF650B260}.Release|ARM.ActiveCfg = Release|Any CPU
		{A6C32CF9-EA77-44C2-B798-2C3BF650B260}.Release|ARM.Build.0 = Release|Any CPU
		{A6C32CF9-EA77-44C2-B798-2C3BF650B260}.Release|x64.ActiveCfg = Release|Any CPU
		{A6C32CF9-EA77-44C2-B798-2C3BF650B260}.Release|x64.Build.0 = Release|Any CPU
		{A6C32CF9-EA77-44C2-B798-2C3BF650B260}.Release|x86.ActiveCfg = Release|Any CPU
		{A6C32CF9-EA77-44C2-B798-2C3BF650B260}.Release|x86.Build.0 = Release|Any CPU
		{7C687B03-B59D-4892-B1D8-9924863FA04C}.Debug|Any CPU.ActiveCfg = Debug|Any CPU
		{7C687B03-B59D-4892-B1D8-9924863FA04C}.Debug|Any CPU.Build.0 = Debug|Any CPU
		{7C687B03-B59D-4892-B1D8-9924863FA04C}.Debug|ARM.ActiveCfg = Debug|Any CPU
		{7C687B03-B59D-4892-B1D8-9924863FA04C}.Debug|ARM.Build.0 = Debug|Any CPU
		{7C687B03-B59D-4892-B1D8-9924863FA04C}.Debug|x64.ActiveCfg = Debug|Any CPU
		{7C687B03-B59D-4892-B1D8-9924863FA04C}.Debug|x64.Build.0 = Debug|Any CPU
		{7C687B03-B59D-4892-B1D8-9924863FA04C}.Debug|x86.ActiveCfg = Debug|Any CPU
		{7C687B03-B59D-4892-B1D8-9924863FA04C}.Debug|x86.Build.0 = Debug|Any CPU
		{7C687B03-B59D-4892-B1D8-9924863FA04C}.Release|Any CPU.ActiveCfg = Release|Any CPU
		{7C687B03-B59D-4892-B1D8-9924863FA04C}.Release|Any CPU.Build.0 = Release|Any CPU
		{7C687B03-B59D-4892-B1D8-9924863FA04C}.Release|ARM.ActiveCfg = Release|Any CPU
		{7C687B03-B59D-4892-B1D8-9924863FA04C}.Release|ARM.Build.0 = Release|Any CPU
		{7C687B03-B59D-4892-B1D8-9924863FA04C}.Release|x64.ActiveCfg = Release|Any CPU
		{7C687B03-B59D-4892-B1D8-9924863FA04C}.Release|x64.Build.0 = Release|Any CPU
		{7C687B03-B59D-4892-B1D8-9924863FA04C}.Release|x86.ActiveCfg = Release|Any CPU
		{7C687B03-B59D-4892-B1D8-9924863FA04C}.Release|x86.Build.0 = Release|Any CPU
		{76458653-510C-44DB-9DB4-6888EF203DD0}.Debug|Any CPU.ActiveCfg = Debug|Any CPU
		{76458653-510C-44DB-9DB4-6888EF203DD0}.Debug|Any CPU.Build.0 = Debug|Any CPU
		{76458653-510C-44DB-9DB4-6888EF203DD0}.Debug|ARM.ActiveCfg = Debug|Any CPU
		{76458653-510C-44DB-9DB4-6888EF203DD0}.Debug|ARM.Build.0 = Debug|Any CPU
		{76458653-510C-44DB-9DB4-6888EF203DD0}.Debug|x64.ActiveCfg = Debug|Any CPU
		{76458653-510C-44DB-9DB4-6888EF203DD0}.Debug|x64.Build.0 = Debug|Any CPU
		{76458653-510C-44DB-9DB4-6888EF203DD0}.Debug|x86.ActiveCfg = Debug|Any CPU
		{76458653-510C-44DB-9DB4-6888EF203DD0}.Debug|x86.Build.0 = Debug|Any CPU
		{76458653-510C-44DB-9DB4-6888EF203DD0}.Release|Any CPU.ActiveCfg = Release|Any CPU
		{76458653-510C-44DB-9DB4-6888EF203DD0}.Release|Any CPU.Build.0 = Release|Any CPU
		{76458653-510C-44DB-9DB4-6888EF203DD0}.Release|ARM.ActiveCfg = Release|Any CPU
		{76458653-510C-44DB-9DB4-6888EF203DD0}.Release|ARM.Build.0 = Release|Any CPU
		{76458653-510C-44DB-9DB4-6888EF203DD0}.Release|x64.ActiveCfg = Release|Any CPU
		{76458653-510C-44DB-9DB4-6888EF203DD0}.Release|x64.Build.0 = Release|Any CPU
		{76458653-510C-44DB-9DB4-6888EF203DD0}.Release|x86.ActiveCfg = Release|Any CPU
		{76458653-510C-44DB-9DB4-6888EF203DD0}.Release|x86.Build.0 = Release|Any CPU
		{1E3E89DF-8FE3-483E-BA21-6469694F7C0F}.Debug|Any CPU.ActiveCfg = Debug|Any CPU
		{1E3E89DF-8FE3-483E-BA21-6469694F7C0F}.Debug|Any CPU.Build.0 = Debug|Any CPU
		{1E3E89DF-8FE3-483E-BA21-6469694F7C0F}.Debug|ARM.ActiveCfg = Debug|Any CPU
		{1E3E89DF-8FE3-483E-BA21-6469694F7C0F}.Debug|ARM.Build.0 = Debug|Any CPU
		{1E3E89DF-8FE3-483E-BA21-6469694F7C0F}.Debug|x64.ActiveCfg = Debug|Any CPU
		{1E3E89DF-8FE3-483E-BA21-6469694F7C0F}.Debug|x64.Build.0 = Debug|Any CPU
		{1E3E89DF-8FE3-483E-BA21-6469694F7C0F}.Debug|x86.ActiveCfg = Debug|Any CPU
		{1E3E89DF-8FE3-483E-BA21-6469694F7C0F}.Debug|x86.Build.0 = Debug|Any CPU
		{1E3E89DF-8FE3-483E-BA21-6469694F7C0F}.Release|Any CPU.ActiveCfg = Release|Any CPU
		{1E3E89DF-8FE3-483E-BA21-6469694F7C0F}.Release|Any CPU.Build.0 = Release|Any CPU
		{1E3E89DF-8FE3-483E-BA21-6469694F7C0F}.Release|ARM.ActiveCfg = Release|Any CPU
		{1E3E89DF-8FE3-483E-BA21-6469694F7C0F}.Release|ARM.Build.0 = Release|Any CPU
		{1E3E89DF-8FE3-483E-BA21-6469694F7C0F}.Release|x64.ActiveCfg = Release|Any CPU
		{1E3E89DF-8FE3-483E-BA21-6469694F7C0F}.Release|x64.Build.0 = Release|Any CPU
		{1E3E89DF-8FE3-483E-BA21-6469694F7C0F}.Release|x86.ActiveCfg = Release|Any CPU
		{1E3E89DF-8FE3-483E-BA21-6469694F7C0F}.Release|x86.Build.0 = Release|Any CPU
		{2C838B0E-5C99-4CAB-8A29-A05AEAD18FF0}.Debug|Any CPU.ActiveCfg = Debug|Any CPU
		{2C838B0E-5C99-4CAB-8A29-A05AEAD18FF0}.Debug|Any CPU.Build.0 = Debug|Any CPU
		{2C838B0E-5C99-4CAB-8A29-A05AEAD18FF0}.Debug|ARM.ActiveCfg = Debug|Any CPU
		{2C838B0E-5C99-4CAB-8A29-A05AEAD18FF0}.Debug|ARM.Build.0 = Debug|Any CPU
		{2C838B0E-5C99-4CAB-8A29-A05AEAD18FF0}.Debug|x64.ActiveCfg = Debug|Any CPU
		{2C838B0E-5C99-4CAB-8A29-A05AEAD18FF0}.Debug|x64.Build.0 = Debug|Any CPU
		{2C838B0E-5C99-4CAB-8A29-A05AEAD18FF0}.Debug|x86.ActiveCfg = Debug|Any CPU
		{2C838B0E-5C99-4CAB-8A29-A05AEAD18FF0}.Debug|x86.Build.0 = Debug|Any CPU
		{2C838B0E-5C99-4CAB-8A29-A05AEAD18FF0}.Release|Any CPU.ActiveCfg = Release|Any CPU
		{2C838B0E-5C99-4CAB-8A29-A05AEAD18FF0}.Release|Any CPU.Build.0 = Release|Any CPU
		{2C838B0E-5C99-4CAB-8A29-A05AEAD18FF0}.Release|ARM.ActiveCfg = Release|Any CPU
		{2C838B0E-5C99-4CAB-8A29-A05AEAD18FF0}.Release|ARM.Build.0 = Release|Any CPU
		{2C838B0E-5C99-4CAB-8A29-A05AEAD18FF0}.Release|x64.ActiveCfg = Release|Any CPU
		{2C838B0E-5C99-4CAB-8A29-A05AEAD18FF0}.Release|x64.Build.0 = Release|Any CPU
		{2C838B0E-5C99-4CAB-8A29-A05AEAD18FF0}.Release|x86.ActiveCfg = Release|Any CPU
		{2C838B0E-5C99-4CAB-8A29-A05AEAD18FF0}.Release|x86.Build.0 = Release|Any CPU
		{7A5F1035-906E-4F26-9FD1-8FC98D8F7F35}.Debug|Any CPU.ActiveCfg = Debug|Any CPU
		{7A5F1035-906E-4F26-9FD1-8FC98D8F7F35}.Debug|Any CPU.Build.0 = Debug|Any CPU
		{7A5F1035-906E-4F26-9FD1-8FC98D8F7F35}.Debug|ARM.ActiveCfg = Debug|Any CPU
		{7A5F1035-906E-4F26-9FD1-8FC98D8F7F35}.Debug|ARM.Build.0 = Debug|Any CPU
		{7A5F1035-906E-4F26-9FD1-8FC98D8F7F35}.Debug|x64.ActiveCfg = Debug|Any CPU
		{7A5F1035-906E-4F26-9FD1-8FC98D8F7F35}.Debug|x64.Build.0 = Debug|Any CPU
		{7A5F1035-906E-4F26-9FD1-8FC98D8F7F35}.Debug|x86.ActiveCfg = Debug|Any CPU
		{7A5F1035-906E-4F26-9FD1-8FC98D8F7F35}.Debug|x86.Build.0 = Debug|Any CPU
		{7A5F1035-906E-4F26-9FD1-8FC98D8F7F35}.Release|Any CPU.ActiveCfg = Release|Any CPU
		{7A5F1035-906E-4F26-9FD1-8FC98D8F7F35}.Release|Any CPU.Build.0 = Release|Any CPU
		{7A5F1035-906E-4F26-9FD1-8FC98D8F7F35}.Release|ARM.ActiveCfg = Release|Any CPU
		{7A5F1035-906E-4F26-9FD1-8FC98D8F7F35}.Release|ARM.Build.0 = Release|Any CPU
		{7A5F1035-906E-4F26-9FD1-8FC98D8F7F35}.Release|x64.ActiveCfg = Release|Any CPU
		{7A5F1035-906E-4F26-9FD1-8FC98D8F7F35}.Release|x64.Build.0 = Release|Any CPU
		{7A5F1035-906E-4F26-9FD1-8FC98D8F7F35}.Release|x86.ActiveCfg = Release|Any CPU
		{7A5F1035-906E-4F26-9FD1-8FC98D8F7F35}.Release|x86.Build.0 = Release|Any CPU
		{63DE55FB-3997-4BBA-8709-98EAB475100A}.Debug|Any CPU.ActiveCfg = Debug|Any CPU
		{63DE55FB-3997-4BBA-8709-98EAB475100A}.Debug|Any CPU.Build.0 = Debug|Any CPU
		{63DE55FB-3997-4BBA-8709-98EAB475100A}.Debug|ARM.ActiveCfg = Debug|Any CPU
		{63DE55FB-3997-4BBA-8709-98EAB475100A}.Debug|ARM.Build.0 = Debug|Any CPU
		{63DE55FB-3997-4BBA-8709-98EAB475100A}.Debug|x64.ActiveCfg = Debug|Any CPU
		{63DE55FB-3997-4BBA-8709-98EAB475100A}.Debug|x64.Build.0 = Debug|Any CPU
		{63DE55FB-3997-4BBA-8709-98EAB475100A}.Debug|x86.ActiveCfg = Debug|Any CPU
		{63DE55FB-3997-4BBA-8709-98EAB475100A}.Debug|x86.Build.0 = Debug|Any CPU
		{63DE55FB-3997-4BBA-8709-98EAB475100A}.Release|Any CPU.ActiveCfg = Release|Any CPU
		{63DE55FB-3997-4BBA-8709-98EAB475100A}.Release|Any CPU.Build.0 = Release|Any CPU
		{63DE55FB-3997-4BBA-8709-98EAB475100A}.Release|ARM.ActiveCfg = Release|Any CPU
		{63DE55FB-3997-4BBA-8709-98EAB475100A}.Release|ARM.Build.0 = Release|Any CPU
		{63DE55FB-3997-4BBA-8709-98EAB475100A}.Release|x64.ActiveCfg = Release|Any CPU
		{63DE55FB-3997-4BBA-8709-98EAB475100A}.Release|x64.Build.0 = Release|Any CPU
		{63DE55FB-3997-4BBA-8709-98EAB475100A}.Release|x86.ActiveCfg = Release|Any CPU
		{63DE55FB-3997-4BBA-8709-98EAB475100A}.Release|x86.Build.0 = Release|Any CPU
		{70310CB2-F68C-4DC7-BCD6-730E6A0228D3}.Debug|Any CPU.ActiveCfg = Debug|Any CPU
		{70310CB2-F68C-4DC7-BCD6-730E6A0228D3}.Debug|Any CPU.Build.0 = Debug|Any CPU
		{70310CB2-F68C-4DC7-BCD6-730E6A0228D3}.Debug|ARM.ActiveCfg = Debug|Any CPU
		{70310CB2-F68C-4DC7-BCD6-730E6A0228D3}.Debug|ARM.Build.0 = Debug|Any CPU
		{70310CB2-F68C-4DC7-BCD6-730E6A0228D3}.Debug|x64.ActiveCfg = Debug|Any CPU
		{70310CB2-F68C-4DC7-BCD6-730E6A0228D3}.Debug|x64.Build.0 = Debug|Any CPU
		{70310CB2-F68C-4DC7-BCD6-730E6A0228D3}.Debug|x86.ActiveCfg = Debug|Any CPU
		{70310CB2-F68C-4DC7-BCD6-730E6A0228D3}.Debug|x86.Build.0 = Debug|Any CPU
		{70310CB2-F68C-4DC7-BCD6-730E6A0228D3}.Release|Any CPU.ActiveCfg = Release|Any CPU
		{70310CB2-F68C-4DC7-BCD6-730E6A0228D3}.Release|Any CPU.Build.0 = Release|Any CPU
		{70310CB2-F68C-4DC7-BCD6-730E6A0228D3}.Release|ARM.ActiveCfg = Release|Any CPU
		{70310CB2-F68C-4DC7-BCD6-730E6A0228D3}.Release|ARM.Build.0 = Release|Any CPU
		{70310CB2-F68C-4DC7-BCD6-730E6A0228D3}.Release|x64.ActiveCfg = Release|Any CPU
		{70310CB2-F68C-4DC7-BCD6-730E6A0228D3}.Release|x64.Build.0 = Release|Any CPU
		{70310CB2-F68C-4DC7-BCD6-730E6A0228D3}.Release|x86.ActiveCfg = Release|Any CPU
		{70310CB2-F68C-4DC7-BCD6-730E6A0228D3}.Release|x86.Build.0 = Release|Any CPU
		{CA7890D8-F34F-4A12-A0F2-E7CAAC61CF56}.Debug|Any CPU.ActiveCfg = Debug|Any CPU
		{CA7890D8-F34F-4A12-A0F2-E7CAAC61CF56}.Debug|Any CPU.Build.0 = Debug|Any CPU
		{CA7890D8-F34F-4A12-A0F2-E7CAAC61CF56}.Debug|ARM.ActiveCfg = Debug|Any CPU
		{CA7890D8-F34F-4A12-A0F2-E7CAAC61CF56}.Debug|ARM.Build.0 = Debug|Any CPU
		{CA7890D8-F34F-4A12-A0F2-E7CAAC61CF56}.Debug|x64.ActiveCfg = Debug|Any CPU
		{CA7890D8-F34F-4A12-A0F2-E7CAAC61CF56}.Debug|x64.Build.0 = Debug|Any CPU
		{CA7890D8-F34F-4A12-A0F2-E7CAAC61CF56}.Debug|x86.ActiveCfg = Debug|Any CPU
		{CA7890D8-F34F-4A12-A0F2-E7CAAC61CF56}.Debug|x86.Build.0 = Debug|Any CPU
		{CA7890D8-F34F-4A12-A0F2-E7CAAC61CF56}.Release|Any CPU.ActiveCfg = Release|Any CPU
		{CA7890D8-F34F-4A12-A0F2-E7CAAC61CF56}.Release|Any CPU.Build.0 = Release|Any CPU
		{CA7890D8-F34F-4A12-A0F2-E7CAAC61CF56}.Release|ARM.ActiveCfg = Release|Any CPU
		{CA7890D8-F34F-4A12-A0F2-E7CAAC61CF56}.Release|ARM.Build.0 = Release|Any CPU
		{CA7890D8-F34F-4A12-A0F2-E7CAAC61CF56}.Release|x64.ActiveCfg = Release|Any CPU
		{CA7890D8-F34F-4A12-A0F2-E7CAAC61CF56}.Release|x64.Build.0 = Release|Any CPU
		{CA7890D8-F34F-4A12-A0F2-E7CAAC61CF56}.Release|x86.ActiveCfg = Release|Any CPU
		{CA7890D8-F34F-4A12-A0F2-E7CAAC61CF56}.Release|x86.Build.0 = Release|Any CPU
		{7945CA45-B9C6-4EDF-9794-6B3B9DD9EE5E}.Debug|Any CPU.ActiveCfg = Debug|Any CPU
		{7945CA45-B9C6-4EDF-9794-6B3B9DD9EE5E}.Debug|Any CPU.Build.0 = Debug|Any CPU
		{7945CA45-B9C6-4EDF-9794-6B3B9DD9EE5E}.Debug|ARM.ActiveCfg = Debug|Any CPU
		{7945CA45-B9C6-4EDF-9794-6B3B9DD9EE5E}.Debug|ARM.Build.0 = Debug|Any CPU
		{7945CA45-B9C6-4EDF-9794-6B3B9DD9EE5E}.Debug|x64.ActiveCfg = Debug|Any CPU
		{7945CA45-B9C6-4EDF-9794-6B3B9DD9EE5E}.Debug|x64.Build.0 = Debug|Any CPU
		{7945CA45-B9C6-4EDF-9794-6B3B9DD9EE5E}.Debug|x86.ActiveCfg = Debug|Any CPU
		{7945CA45-B9C6-4EDF-9794-6B3B9DD9EE5E}.Debug|x86.Build.0 = Debug|Any CPU
		{7945CA45-B9C6-4EDF-9794-6B3B9DD9EE5E}.Release|Any CPU.ActiveCfg = Release|Any CPU
		{7945CA45-B9C6-4EDF-9794-6B3B9DD9EE5E}.Release|Any CPU.Build.0 = Release|Any CPU
		{7945CA45-B9C6-4EDF-9794-6B3B9DD9EE5E}.Release|ARM.ActiveCfg = Release|Any CPU
		{7945CA45-B9C6-4EDF-9794-6B3B9DD9EE5E}.Release|ARM.Build.0 = Release|Any CPU
		{7945CA45-B9C6-4EDF-9794-6B3B9DD9EE5E}.Release|x64.ActiveCfg = Release|Any CPU
		{7945CA45-B9C6-4EDF-9794-6B3B9DD9EE5E}.Release|x64.Build.0 = Release|Any CPU
		{7945CA45-B9C6-4EDF-9794-6B3B9DD9EE5E}.Release|x86.ActiveCfg = Release|Any CPU
		{7945CA45-B9C6-4EDF-9794-6B3B9DD9EE5E}.Release|x86.Build.0 = Release|Any CPU
		{B16B534A-75FA-4299-9EF9-F4DF801266A0}.Debug|Any CPU.ActiveCfg = Debug|Any CPU
		{B16B534A-75FA-4299-9EF9-F4DF801266A0}.Debug|Any CPU.Build.0 = Debug|Any CPU
		{B16B534A-75FA-4299-9EF9-F4DF801266A0}.Debug|ARM.ActiveCfg = Debug|Any CPU
		{B16B534A-75FA-4299-9EF9-F4DF801266A0}.Debug|ARM.Build.0 = Debug|Any CPU
		{B16B534A-75FA-4299-9EF9-F4DF801266A0}.Debug|x64.ActiveCfg = Debug|Any CPU
		{B16B534A-75FA-4299-9EF9-F4DF801266A0}.Debug|x64.Build.0 = Debug|Any CPU
		{B16B534A-75FA-4299-9EF9-F4DF801266A0}.Debug|x86.ActiveCfg = Debug|Any CPU
		{B16B534A-75FA-4299-9EF9-F4DF801266A0}.Debug|x86.Build.0 = Debug|Any CPU
		{B16B534A-75FA-4299-9EF9-F4DF801266A0}.Release|Any CPU.ActiveCfg = Release|Any CPU
		{B16B534A-75FA-4299-9EF9-F4DF801266A0}.Release|Any CPU.Build.0 = Release|Any CPU
		{B16B534A-75FA-4299-9EF9-F4DF801266A0}.Release|ARM.ActiveCfg = Release|Any CPU
		{B16B534A-75FA-4299-9EF9-F4DF801266A0}.Release|ARM.Build.0 = Release|Any CPU
		{B16B534A-75FA-4299-9EF9-F4DF801266A0}.Release|x64.ActiveCfg = Release|Any CPU
		{B16B534A-75FA-4299-9EF9-F4DF801266A0}.Release|x64.Build.0 = Release|Any CPU
		{B16B534A-75FA-4299-9EF9-F4DF801266A0}.Release|x86.ActiveCfg = Release|Any CPU
		{B16B534A-75FA-4299-9EF9-F4DF801266A0}.Release|x86.Build.0 = Release|Any CPU
		{6E027771-5500-4555-822C-C7FE6AC8709D}.Debug|Any CPU.ActiveCfg = Debug|Any CPU
		{6E027771-5500-4555-822C-C7FE6AC8709D}.Debug|Any CPU.Build.0 = Debug|Any CPU
		{6E027771-5500-4555-822C-C7FE6AC8709D}.Debug|ARM.ActiveCfg = Debug|Any CPU
		{6E027771-5500-4555-822C-C7FE6AC8709D}.Debug|ARM.Build.0 = Debug|Any CPU
		{6E027771-5500-4555-822C-C7FE6AC8709D}.Debug|x64.ActiveCfg = Debug|Any CPU
		{6E027771-5500-4555-822C-C7FE6AC8709D}.Debug|x64.Build.0 = Debug|Any CPU
		{6E027771-5500-4555-822C-C7FE6AC8709D}.Debug|x86.ActiveCfg = Debug|Any CPU
		{6E027771-5500-4555-822C-C7FE6AC8709D}.Debug|x86.Build.0 = Debug|Any CPU
		{6E027771-5500-4555-822C-C7FE6AC8709D}.Release|Any CPU.ActiveCfg = Release|Any CPU
		{6E027771-5500-4555-822C-C7FE6AC8709D}.Release|Any CPU.Build.0 = Release|Any CPU
		{6E027771-5500-4555-822C-C7FE6AC8709D}.Release|ARM.ActiveCfg = Release|Any CPU
		{6E027771-5500-4555-822C-C7FE6AC8709D}.Release|ARM.Build.0 = Release|Any CPU
		{6E027771-5500-4555-822C-C7FE6AC8709D}.Release|x64.ActiveCfg = Release|Any CPU
		{6E027771-5500-4555-822C-C7FE6AC8709D}.Release|x64.Build.0 = Release|Any CPU
		{6E027771-5500-4555-822C-C7FE6AC8709D}.Release|x86.ActiveCfg = Release|Any CPU
		{6E027771-5500-4555-822C-C7FE6AC8709D}.Release|x86.Build.0 = Release|Any CPU
		{D3BFF103-53CB-46DC-A0E8-05A01E11099B}.Debug|Any CPU.ActiveCfg = Debug|Any CPU
		{D3BFF103-53CB-46DC-A0E8-05A01E11099B}.Debug|Any CPU.Build.0 = Debug|Any CPU
		{D3BFF103-53CB-46DC-A0E8-05A01E11099B}.Debug|ARM.ActiveCfg = Debug|Any CPU
		{D3BFF103-53CB-46DC-A0E8-05A01E11099B}.Debug|ARM.Build.0 = Debug|Any CPU
		{D3BFF103-53CB-46DC-A0E8-05A01E11099B}.Debug|x64.ActiveCfg = Debug|Any CPU
		{D3BFF103-53CB-46DC-A0E8-05A01E11099B}.Debug|x64.Build.0 = Debug|Any CPU
		{D3BFF103-53CB-46DC-A0E8-05A01E11099B}.Debug|x86.ActiveCfg = Debug|Any CPU
		{D3BFF103-53CB-46DC-A0E8-05A01E11099B}.Debug|x86.Build.0 = Debug|Any CPU
		{D3BFF103-53CB-46DC-A0E8-05A01E11099B}.Release|Any CPU.ActiveCfg = Release|Any CPU
		{D3BFF103-53CB-46DC-A0E8-05A01E11099B}.Release|Any CPU.Build.0 = Release|Any CPU
		{D3BFF103-53CB-46DC-A0E8-05A01E11099B}.Release|ARM.ActiveCfg = Release|Any CPU
		{D3BFF103-53CB-46DC-A0E8-05A01E11099B}.Release|ARM.Build.0 = Release|Any CPU
		{D3BFF103-53CB-46DC-A0E8-05A01E11099B}.Release|x64.ActiveCfg = Release|Any CPU
		{D3BFF103-53CB-46DC-A0E8-05A01E11099B}.Release|x64.Build.0 = Release|Any CPU
		{D3BFF103-53CB-46DC-A0E8-05A01E11099B}.Release|x86.ActiveCfg = Release|Any CPU
		{D3BFF103-53CB-46DC-A0E8-05A01E11099B}.Release|x86.Build.0 = Release|Any CPU
		{1523DA42-DB7E-47B5-8AE6-305100F3891A}.Debug|Any CPU.ActiveCfg = Debug|Any CPU
		{1523DA42-DB7E-47B5-8AE6-305100F3891A}.Debug|Any CPU.Build.0 = Debug|Any CPU
		{1523DA42-DB7E-47B5-8AE6-305100F3891A}.Debug|ARM.ActiveCfg = Debug|Any CPU
		{1523DA42-DB7E-47B5-8AE6-305100F3891A}.Debug|ARM.Build.0 = Debug|Any CPU
		{1523DA42-DB7E-47B5-8AE6-305100F3891A}.Debug|x64.ActiveCfg = Debug|Any CPU
		{1523DA42-DB7E-47B5-8AE6-305100F3891A}.Debug|x64.Build.0 = Debug|Any CPU
		{1523DA42-DB7E-47B5-8AE6-305100F3891A}.Debug|x86.ActiveCfg = Debug|Any CPU
		{1523DA42-DB7E-47B5-8AE6-305100F3891A}.Debug|x86.Build.0 = Debug|Any CPU
		{1523DA42-DB7E-47B5-8AE6-305100F3891A}.Release|Any CPU.ActiveCfg = Release|Any CPU
		{1523DA42-DB7E-47B5-8AE6-305100F3891A}.Release|Any CPU.Build.0 = Release|Any CPU
		{1523DA42-DB7E-47B5-8AE6-305100F3891A}.Release|ARM.ActiveCfg = Release|Any CPU
		{1523DA42-DB7E-47B5-8AE6-305100F3891A}.Release|ARM.Build.0 = Release|Any CPU
		{1523DA42-DB7E-47B5-8AE6-305100F3891A}.Release|x64.ActiveCfg = Release|Any CPU
		{1523DA42-DB7E-47B5-8AE6-305100F3891A}.Release|x64.Build.0 = Release|Any CPU
		{1523DA42-DB7E-47B5-8AE6-305100F3891A}.Release|x86.ActiveCfg = Release|Any CPU
		{1523DA42-DB7E-47B5-8AE6-305100F3891A}.Release|x86.Build.0 = Release|Any CPU
		{9575AC94-3760-483F-9403-A77E7CFE8F46}.Debug|Any CPU.ActiveCfg = Debug|Any CPU
		{9575AC94-3760-483F-9403-A77E7CFE8F46}.Debug|Any CPU.Build.0 = Debug|Any CPU
		{9575AC94-3760-483F-9403-A77E7CFE8F46}.Debug|ARM.ActiveCfg = Debug|Any CPU
		{9575AC94-3760-483F-9403-A77E7CFE8F46}.Debug|ARM.Build.0 = Debug|Any CPU
		{9575AC94-3760-483F-9403-A77E7CFE8F46}.Debug|x64.ActiveCfg = Debug|Any CPU
		{9575AC94-3760-483F-9403-A77E7CFE8F46}.Debug|x64.Build.0 = Debug|Any CPU
		{9575AC94-3760-483F-9403-A77E7CFE8F46}.Debug|x86.ActiveCfg = Debug|Any CPU
		{9575AC94-3760-483F-9403-A77E7CFE8F46}.Debug|x86.Build.0 = Debug|Any CPU
		{9575AC94-3760-483F-9403-A77E7CFE8F46}.Release|Any CPU.ActiveCfg = Release|Any CPU
		{9575AC94-3760-483F-9403-A77E7CFE8F46}.Release|Any CPU.Build.0 = Release|Any CPU
		{9575AC94-3760-483F-9403-A77E7CFE8F46}.Release|ARM.ActiveCfg = Release|Any CPU
		{9575AC94-3760-483F-9403-A77E7CFE8F46}.Release|ARM.Build.0 = Release|Any CPU
		{9575AC94-3760-483F-9403-A77E7CFE8F46}.Release|x64.ActiveCfg = Release|Any CPU
		{9575AC94-3760-483F-9403-A77E7CFE8F46}.Release|x64.Build.0 = Release|Any CPU
		{9575AC94-3760-483F-9403-A77E7CFE8F46}.Release|x86.ActiveCfg = Release|Any CPU
		{9575AC94-3760-483F-9403-A77E7CFE8F46}.Release|x86.Build.0 = Release|Any CPU
		{1523DA42-DB7E-47B5-8AE6-305100F3891B}.Debug|Any CPU.ActiveCfg = Debug|Any CPU
		{1523DA42-DB7E-47B5-8AE6-305100F3891B}.Debug|Any CPU.Build.0 = Debug|Any CPU
		{1523DA42-DB7E-47B5-8AE6-305100F3891B}.Debug|ARM.ActiveCfg = Debug|Any CPU
		{1523DA42-DB7E-47B5-8AE6-305100F3891B}.Debug|ARM.Build.0 = Debug|Any CPU
		{1523DA42-DB7E-47B5-8AE6-305100F3891B}.Debug|x64.ActiveCfg = Debug|Any CPU
		{1523DA42-DB7E-47B5-8AE6-305100F3891B}.Debug|x64.Build.0 = Debug|Any CPU
		{1523DA42-DB7E-47B5-8AE6-305100F3891B}.Debug|x86.ActiveCfg = Debug|Any CPU
		{1523DA42-DB7E-47B5-8AE6-305100F3891B}.Debug|x86.Build.0 = Debug|Any CPU
		{1523DA42-DB7E-47B5-8AE6-305100F3891B}.Release|Any CPU.ActiveCfg = Release|Any CPU
		{1523DA42-DB7E-47B5-8AE6-305100F3891B}.Release|Any CPU.Build.0 = Release|Any CPU
		{1523DA42-DB7E-47B5-8AE6-305100F3891B}.Release|ARM.ActiveCfg = Release|Any CPU
		{1523DA42-DB7E-47B5-8AE6-305100F3891B}.Release|ARM.Build.0 = Release|Any CPU
		{1523DA42-DB7E-47B5-8AE6-305100F3891B}.Release|x64.ActiveCfg = Release|Any CPU
		{1523DA42-DB7E-47B5-8AE6-305100F3891B}.Release|x64.Build.0 = Release|Any CPU
		{1523DA42-DB7E-47B5-8AE6-305100F3891B}.Release|x86.ActiveCfg = Release|Any CPU
		{1523DA42-DB7E-47B5-8AE6-305100F3891B}.Release|x86.Build.0 = Release|Any CPU
		{9575AC94-3760-483F-9403-A77E7CFE8F47}.Debug|Any CPU.ActiveCfg = Debug|Any CPU
		{9575AC94-3760-483F-9403-A77E7CFE8F47}.Debug|Any CPU.Build.0 = Debug|Any CPU
		{9575AC94-3760-483F-9403-A77E7CFE8F47}.Debug|ARM.ActiveCfg = Debug|Any CPU
		{9575AC94-3760-483F-9403-A77E7CFE8F47}.Debug|ARM.Build.0 = Debug|Any CPU
		{9575AC94-3760-483F-9403-A77E7CFE8F47}.Debug|x64.ActiveCfg = Debug|Any CPU
		{9575AC94-3760-483F-9403-A77E7CFE8F47}.Debug|x64.Build.0 = Debug|Any CPU
		{9575AC94-3760-483F-9403-A77E7CFE8F47}.Debug|x86.ActiveCfg = Debug|Any CPU
		{9575AC94-3760-483F-9403-A77E7CFE8F47}.Debug|x86.Build.0 = Debug|Any CPU
		{9575AC94-3760-483F-9403-A77E7CFE8F47}.Release|Any CPU.ActiveCfg = Release|Any CPU
		{9575AC94-3760-483F-9403-A77E7CFE8F47}.Release|Any CPU.Build.0 = Release|Any CPU
		{9575AC94-3760-483F-9403-A77E7CFE8F47}.Release|ARM.ActiveCfg = Release|Any CPU
		{9575AC94-3760-483F-9403-A77E7CFE8F47}.Release|ARM.Build.0 = Release|Any CPU
		{9575AC94-3760-483F-9403-A77E7CFE8F47}.Release|x64.ActiveCfg = Release|Any CPU
		{9575AC94-3760-483F-9403-A77E7CFE8F47}.Release|x64.Build.0 = Release|Any CPU
		{9575AC94-3760-483F-9403-A77E7CFE8F47}.Release|x86.ActiveCfg = Release|Any CPU
		{9575AC94-3760-483F-9403-A77E7CFE8F47}.Release|x86.Build.0 = Release|Any CPU
		{2A75C8B3-5122-4E7E-A0CF-A0AD5FFA60B2}.Debug|Any CPU.ActiveCfg = Debug|Any CPU
		{2A75C8B3-5122-4E7E-A0CF-A0AD5FFA60B2}.Debug|Any CPU.Build.0 = Debug|Any CPU
		{2A75C8B3-5122-4E7E-A0CF-A0AD5FFA60B2}.Debug|ARM.ActiveCfg = Debug|Any CPU
		{2A75C8B3-5122-4E7E-A0CF-A0AD5FFA60B2}.Debug|ARM.Build.0 = Debug|Any CPU
		{2A75C8B3-5122-4E7E-A0CF-A0AD5FFA60B2}.Debug|x64.ActiveCfg = Debug|Any CPU
		{2A75C8B3-5122-4E7E-A0CF-A0AD5FFA60B2}.Debug|x64.Build.0 = Debug|Any CPU
		{2A75C8B3-5122-4E7E-A0CF-A0AD5FFA60B2}.Debug|x86.ActiveCfg = Debug|Any CPU
		{2A75C8B3-5122-4E7E-A0CF-A0AD5FFA60B2}.Debug|x86.Build.0 = Debug|Any CPU
		{2A75C8B3-5122-4E7E-A0CF-A0AD5FFA60B2}.Release|Any CPU.ActiveCfg = Release|Any CPU
		{2A75C8B3-5122-4E7E-A0CF-A0AD5FFA60B2}.Release|Any CPU.Build.0 = Release|Any CPU
		{2A75C8B3-5122-4E7E-A0CF-A0AD5FFA60B2}.Release|ARM.ActiveCfg = Release|Any CPU
		{2A75C8B3-5122-4E7E-A0CF-A0AD5FFA60B2}.Release|ARM.Build.0 = Release|Any CPU
		{2A75C8B3-5122-4E7E-A0CF-A0AD5FFA60B2}.Release|x64.ActiveCfg = Release|Any CPU
		{2A75C8B3-5122-4E7E-A0CF-A0AD5FFA60B2}.Release|x64.Build.0 = Release|Any CPU
		{2A75C8B3-5122-4E7E-A0CF-A0AD5FFA60B2}.Release|x86.ActiveCfg = Release|Any CPU
		{2A75C8B3-5122-4E7E-A0CF-A0AD5FFA60B2}.Release|x86.Build.0 = Release|Any CPU
		{C6EFE2AC-63BD-4574-B4A1-9AC80CA5AD2E}.Debug|Any CPU.ActiveCfg = Debug|Any CPU
		{C6EFE2AC-63BD-4574-B4A1-9AC80CA5AD2E}.Debug|Any CPU.Build.0 = Debug|Any CPU
		{C6EFE2AC-63BD-4574-B4A1-9AC80CA5AD2E}.Debug|ARM.ActiveCfg = Debug|Any CPU
		{C6EFE2AC-63BD-4574-B4A1-9AC80CA5AD2E}.Debug|ARM.Build.0 = Debug|Any CPU
		{C6EFE2AC-63BD-4574-B4A1-9AC80CA5AD2E}.Debug|x64.ActiveCfg = Debug|Any CPU
		{C6EFE2AC-63BD-4574-B4A1-9AC80CA5AD2E}.Debug|x64.Build.0 = Debug|Any CPU
		{C6EFE2AC-63BD-4574-B4A1-9AC80CA5AD2E}.Debug|x86.ActiveCfg = Debug|Any CPU
		{C6EFE2AC-63BD-4574-B4A1-9AC80CA5AD2E}.Debug|x86.Build.0 = Debug|Any CPU
		{C6EFE2AC-63BD-4574-B4A1-9AC80CA5AD2E}.Release|Any CPU.ActiveCfg = Release|Any CPU
		{C6EFE2AC-63BD-4574-B4A1-9AC80CA5AD2E}.Release|Any CPU.Build.0 = Release|Any CPU
		{C6EFE2AC-63BD-4574-B4A1-9AC80CA5AD2E}.Release|ARM.ActiveCfg = Release|Any CPU
		{C6EFE2AC-63BD-4574-B4A1-9AC80CA5AD2E}.Release|ARM.Build.0 = Release|Any CPU
		{C6EFE2AC-63BD-4574-B4A1-9AC80CA5AD2E}.Release|x64.ActiveCfg = Release|Any CPU
		{C6EFE2AC-63BD-4574-B4A1-9AC80CA5AD2E}.Release|x64.Build.0 = Release|Any CPU
		{C6EFE2AC-63BD-4574-B4A1-9AC80CA5AD2E}.Release|x86.ActiveCfg = Release|Any CPU
		{C6EFE2AC-63BD-4574-B4A1-9AC80CA5AD2E}.Release|x86.Build.0 = Release|Any CPU
		{A6302463-CC32-4060-B8DF-466479046038}.Debug|Any CPU.ActiveCfg = Debug|Any CPU
		{A6302463-CC32-4060-B8DF-466479046038}.Debug|Any CPU.Build.0 = Debug|Any CPU
		{A6302463-CC32-4060-B8DF-466479046038}.Debug|ARM.ActiveCfg = Debug|Any CPU
		{A6302463-CC32-4060-B8DF-466479046038}.Debug|ARM.Build.0 = Debug|Any CPU
		{A6302463-CC32-4060-B8DF-466479046038}.Debug|x64.ActiveCfg = Debug|Any CPU
		{A6302463-CC32-4060-B8DF-466479046038}.Debug|x64.Build.0 = Debug|Any CPU
		{A6302463-CC32-4060-B8DF-466479046038}.Debug|x86.ActiveCfg = Debug|Any CPU
		{A6302463-CC32-4060-B8DF-466479046038}.Debug|x86.Build.0 = Debug|Any CPU
		{A6302463-CC32-4060-B8DF-466479046038}.Release|Any CPU.ActiveCfg = Release|Any CPU
		{A6302463-CC32-4060-B8DF-466479046038}.Release|Any CPU.Build.0 = Release|Any CPU
		{A6302463-CC32-4060-B8DF-466479046038}.Release|ARM.ActiveCfg = Release|Any CPU
		{A6302463-CC32-4060-B8DF-466479046038}.Release|ARM.Build.0 = Release|Any CPU
		{A6302463-CC32-4060-B8DF-466479046038}.Release|x64.ActiveCfg = Release|Any CPU
		{A6302463-CC32-4060-B8DF-466479046038}.Release|x64.Build.0 = Release|Any CPU
		{A6302463-CC32-4060-B8DF-466479046038}.Release|x86.ActiveCfg = Release|Any CPU
		{A6302463-CC32-4060-B8DF-466479046038}.Release|x86.Build.0 = Release|Any CPU
		{4DF84F72-0995-44ED-AC0A-A07327F078A2}.Debug|Any CPU.ActiveCfg = Debug|Any CPU
		{4DF84F72-0995-44ED-AC0A-A07327F078A2}.Debug|Any CPU.Build.0 = Debug|Any CPU
		{4DF84F72-0995-44ED-AC0A-A07327F078A2}.Debug|ARM.ActiveCfg = Debug|Any CPU
		{4DF84F72-0995-44ED-AC0A-A07327F078A2}.Debug|ARM.Build.0 = Debug|Any CPU
		{4DF84F72-0995-44ED-AC0A-A07327F078A2}.Debug|x64.ActiveCfg = Debug|Any CPU
		{4DF84F72-0995-44ED-AC0A-A07327F078A2}.Debug|x64.Build.0 = Debug|Any CPU
		{4DF84F72-0995-44ED-AC0A-A07327F078A2}.Debug|x86.ActiveCfg = Debug|Any CPU
		{4DF84F72-0995-44ED-AC0A-A07327F078A2}.Debug|x86.Build.0 = Debug|Any CPU
		{4DF84F72-0995-44ED-AC0A-A07327F078A2}.Release|Any CPU.ActiveCfg = Release|Any CPU
		{4DF84F72-0995-44ED-AC0A-A07327F078A2}.Release|Any CPU.Build.0 = Release|Any CPU
		{4DF84F72-0995-44ED-AC0A-A07327F078A2}.Release|ARM.ActiveCfg = Release|Any CPU
		{4DF84F72-0995-44ED-AC0A-A07327F078A2}.Release|ARM.Build.0 = Release|Any CPU
		{4DF84F72-0995-44ED-AC0A-A07327F078A2}.Release|x64.ActiveCfg = Release|Any CPU
		{4DF84F72-0995-44ED-AC0A-A07327F078A2}.Release|x64.Build.0 = Release|Any CPU
		{4DF84F72-0995-44ED-AC0A-A07327F078A2}.Release|x86.ActiveCfg = Release|Any CPU
		{4DF84F72-0995-44ED-AC0A-A07327F078A2}.Release|x86.Build.0 = Release|Any CPU
		{F09EAEEB-6630-452D-A6AB-1DCB7E24EE68}.Debug|Any CPU.ActiveCfg = Debug|Any CPU
		{F09EAEEB-6630-452D-A6AB-1DCB7E24EE68}.Debug|Any CPU.Build.0 = Debug|Any CPU
		{F09EAEEB-6630-452D-A6AB-1DCB7E24EE68}.Debug|ARM.ActiveCfg = Debug|Any CPU
		{F09EAEEB-6630-452D-A6AB-1DCB7E24EE68}.Debug|ARM.Build.0 = Debug|Any CPU
		{F09EAEEB-6630-452D-A6AB-1DCB7E24EE68}.Debug|x64.ActiveCfg = Debug|Any CPU
		{F09EAEEB-6630-452D-A6AB-1DCB7E24EE68}.Debug|x64.Build.0 = Debug|Any CPU
		{F09EAEEB-6630-452D-A6AB-1DCB7E24EE68}.Debug|x86.ActiveCfg = Debug|Any CPU
		{F09EAEEB-6630-452D-A6AB-1DCB7E24EE68}.Debug|x86.Build.0 = Debug|Any CPU
		{F09EAEEB-6630-452D-A6AB-1DCB7E24EE68}.Release|Any CPU.ActiveCfg = Release|Any CPU
		{F09EAEEB-6630-452D-A6AB-1DCB7E24EE68}.Release|Any CPU.Build.0 = Release|Any CPU
		{F09EAEEB-6630-452D-A6AB-1DCB7E24EE68}.Release|ARM.ActiveCfg = Release|Any CPU
		{F09EAEEB-6630-452D-A6AB-1DCB7E24EE68}.Release|ARM.Build.0 = Release|Any CPU
		{F09EAEEB-6630-452D-A6AB-1DCB7E24EE68}.Release|x64.ActiveCfg = Release|Any CPU
		{F09EAEEB-6630-452D-A6AB-1DCB7E24EE68}.Release|x64.Build.0 = Release|Any CPU
		{F09EAEEB-6630-452D-A6AB-1DCB7E24EE68}.Release|x86.ActiveCfg = Release|Any CPU
		{F09EAEEB-6630-452D-A6AB-1DCB7E24EE68}.Release|x86.Build.0 = Release|Any CPU
		{FC0416FA-3D07-4924-8E5F-E49D833CD58F}.Debug|Any CPU.ActiveCfg = Debug|Any CPU
		{FC0416FA-3D07-4924-8E5F-E49D833CD58F}.Debug|Any CPU.Build.0 = Debug|Any CPU
		{FC0416FA-3D07-4924-8E5F-E49D833CD58F}.Debug|ARM.ActiveCfg = Debug|Any CPU
		{FC0416FA-3D07-4924-8E5F-E49D833CD58F}.Debug|ARM.Build.0 = Debug|Any CPU
		{FC0416FA-3D07-4924-8E5F-E49D833CD58F}.Debug|x64.ActiveCfg = Debug|Any CPU
		{FC0416FA-3D07-4924-8E5F-E49D833CD58F}.Debug|x64.Build.0 = Debug|Any CPU
		{FC0416FA-3D07-4924-8E5F-E49D833CD58F}.Debug|x86.ActiveCfg = Debug|Any CPU
		{FC0416FA-3D07-4924-8E5F-E49D833CD58F}.Debug|x86.Build.0 = Debug|Any CPU
		{FC0416FA-3D07-4924-8E5F-E49D833CD58F}.Release|Any CPU.ActiveCfg = Release|Any CPU
		{FC0416FA-3D07-4924-8E5F-E49D833CD58F}.Release|Any CPU.Build.0 = Release|Any CPU
		{FC0416FA-3D07-4924-8E5F-E49D833CD58F}.Release|ARM.ActiveCfg = Release|Any CPU
		{FC0416FA-3D07-4924-8E5F-E49D833CD58F}.Release|ARM.Build.0 = Release|Any CPU
		{FC0416FA-3D07-4924-8E5F-E49D833CD58F}.Release|x64.ActiveCfg = Release|Any CPU
		{FC0416FA-3D07-4924-8E5F-E49D833CD58F}.Release|x64.Build.0 = Release|Any CPU
		{FC0416FA-3D07-4924-8E5F-E49D833CD58F}.Release|x86.ActiveCfg = Release|Any CPU
		{FC0416FA-3D07-4924-8E5F-E49D833CD58F}.Release|x86.Build.0 = Release|Any CPU
		{0F66ED6A-B9E2-483D-99E3-67D71706C449}.Debug|Any CPU.ActiveCfg = Debug|Any CPU
		{0F66ED6A-B9E2-483D-99E3-67D71706C449}.Debug|Any CPU.Build.0 = Debug|Any CPU
		{0F66ED6A-B9E2-483D-99E3-67D71706C449}.Debug|ARM.ActiveCfg = Debug|Any CPU
		{0F66ED6A-B9E2-483D-99E3-67D71706C449}.Debug|ARM.Build.0 = Debug|Any CPU
		{0F66ED6A-B9E2-483D-99E3-67D71706C449}.Debug|x64.ActiveCfg = Debug|Any CPU
		{0F66ED6A-B9E2-483D-99E3-67D71706C449}.Debug|x64.Build.0 = Debug|Any CPU
		{0F66ED6A-B9E2-483D-99E3-67D71706C449}.Debug|x86.ActiveCfg = Debug|Any CPU
		{0F66ED6A-B9E2-483D-99E3-67D71706C449}.Debug|x86.Build.0 = Debug|Any CPU
		{0F66ED6A-B9E2-483D-99E3-67D71706C449}.Release|Any CPU.ActiveCfg = Release|Any CPU
		{0F66ED6A-B9E2-483D-99E3-67D71706C449}.Release|Any CPU.Build.0 = Release|Any CPU
		{0F66ED6A-B9E2-483D-99E3-67D71706C449}.Release|ARM.ActiveCfg = Release|Any CPU
		{0F66ED6A-B9E2-483D-99E3-67D71706C449}.Release|ARM.Build.0 = Release|Any CPU
		{0F66ED6A-B9E2-483D-99E3-67D71706C449}.Release|x64.ActiveCfg = Release|Any CPU
		{0F66ED6A-B9E2-483D-99E3-67D71706C449}.Release|x64.Build.0 = Release|Any CPU
		{0F66ED6A-B9E2-483D-99E3-67D71706C449}.Release|x86.ActiveCfg = Release|Any CPU
		{0F66ED6A-B9E2-483D-99E3-67D71706C449}.Release|x86.Build.0 = Release|Any CPU
		{590A529B-0078-44C6-90B7-03DBD869E689}.Debug|Any CPU.ActiveCfg = Debug|Any CPU
		{590A529B-0078-44C6-90B7-03DBD869E689}.Debug|Any CPU.Build.0 = Debug|Any CPU
		{590A529B-0078-44C6-90B7-03DBD869E689}.Debug|ARM.ActiveCfg = Debug|Any CPU
		{590A529B-0078-44C6-90B7-03DBD869E689}.Debug|ARM.Build.0 = Debug|Any CPU
		{590A529B-0078-44C6-90B7-03DBD869E689}.Debug|x64.ActiveCfg = Debug|Any CPU
		{590A529B-0078-44C6-90B7-03DBD869E689}.Debug|x64.Build.0 = Debug|Any CPU
		{590A529B-0078-44C6-90B7-03DBD869E689}.Debug|x86.ActiveCfg = Debug|Any CPU
		{590A529B-0078-44C6-90B7-03DBD869E689}.Debug|x86.Build.0 = Debug|Any CPU
		{590A529B-0078-44C6-90B7-03DBD869E689}.Release|Any CPU.ActiveCfg = Release|Any CPU
		{590A529B-0078-44C6-90B7-03DBD869E689}.Release|Any CPU.Build.0 = Release|Any CPU
		{590A529B-0078-44C6-90B7-03DBD869E689}.Release|ARM.ActiveCfg = Release|Any CPU
		{590A529B-0078-44C6-90B7-03DBD869E689}.Release|ARM.Build.0 = Release|Any CPU
		{590A529B-0078-44C6-90B7-03DBD869E689}.Release|x64.ActiveCfg = Release|Any CPU
		{590A529B-0078-44C6-90B7-03DBD869E689}.Release|x64.Build.0 = Release|Any CPU
		{590A529B-0078-44C6-90B7-03DBD869E689}.Release|x86.ActiveCfg = Release|Any CPU
		{590A529B-0078-44C6-90B7-03DBD869E689}.Release|x86.Build.0 = Release|Any CPU
		{AA7A423E-7C41-4285-A89B-FFC04003692E}.Debug|Any CPU.ActiveCfg = Debug|x64
		{AA7A423E-7C41-4285-A89B-FFC04003692E}.Debug|ARM.ActiveCfg = Debug|ARM
		{AA7A423E-7C41-4285-A89B-FFC04003692E}.Debug|ARM.Build.0 = Debug|ARM
		{AA7A423E-7C41-4285-A89B-FFC04003692E}.Debug|ARM.Deploy.0 = Debug|ARM
		{AA7A423E-7C41-4285-A89B-FFC04003692E}.Debug|x64.ActiveCfg = Debug|x64
		{AA7A423E-7C41-4285-A89B-FFC04003692E}.Debug|x64.Build.0 = Debug|x64
		{AA7A423E-7C41-4285-A89B-FFC04003692E}.Debug|x64.Deploy.0 = Debug|x64
		{AA7A423E-7C41-4285-A89B-FFC04003692E}.Debug|x86.ActiveCfg = Debug|x86
		{AA7A423E-7C41-4285-A89B-FFC04003692E}.Debug|x86.Build.0 = Debug|x86
		{AA7A423E-7C41-4285-A89B-FFC04003692E}.Debug|x86.Deploy.0 = Debug|x86
		{AA7A423E-7C41-4285-A89B-FFC04003692E}.Release|Any CPU.ActiveCfg = Release|x86
		{AA7A423E-7C41-4285-A89B-FFC04003692E}.Release|ARM.ActiveCfg = Release|ARM
		{AA7A423E-7C41-4285-A89B-FFC04003692E}.Release|ARM.Build.0 = Release|ARM
		{AA7A423E-7C41-4285-A89B-FFC04003692E}.Release|ARM.Deploy.0 = Release|ARM
		{AA7A423E-7C41-4285-A89B-FFC04003692E}.Release|x64.ActiveCfg = Release|x64
		{AA7A423E-7C41-4285-A89B-FFC04003692E}.Release|x64.Build.0 = Release|x64
		{AA7A423E-7C41-4285-A89B-FFC04003692E}.Release|x64.Deploy.0 = Release|x64
		{AA7A423E-7C41-4285-A89B-FFC04003692E}.Release|x86.ActiveCfg = Release|x86
		{AA7A423E-7C41-4285-A89B-FFC04003692E}.Release|x86.Build.0 = Release|x86
		{AA7A423E-7C41-4285-A89B-FFC04003692E}.Release|x86.Deploy.0 = Release|x86
		{C065786A-C662-416E-98DE-93D918C81D1B}.Debug|Any CPU.ActiveCfg = Debug|Any CPU
		{C065786A-C662-416E-98DE-93D918C81D1B}.Debug|Any CPU.Build.0 = Debug|Any CPU
		{C065786A-C662-416E-98DE-93D918C81D1B}.Debug|ARM.ActiveCfg = Debug|Any CPU
		{C065786A-C662-416E-98DE-93D918C81D1B}.Debug|ARM.Build.0 = Debug|Any CPU
		{C065786A-C662-416E-98DE-93D918C81D1B}.Debug|x64.ActiveCfg = Debug|Any CPU
		{C065786A-C662-416E-98DE-93D918C81D1B}.Debug|x64.Build.0 = Debug|Any CPU
		{C065786A-C662-416E-98DE-93D918C81D1B}.Debug|x86.ActiveCfg = Debug|Any CPU
		{C065786A-C662-416E-98DE-93D918C81D1B}.Debug|x86.Build.0 = Debug|Any CPU
		{C065786A-C662-416E-98DE-93D918C81D1B}.Release|Any CPU.ActiveCfg = Release|Any CPU
		{C065786A-C662-416E-98DE-93D918C81D1B}.Release|Any CPU.Build.0 = Release|Any CPU
		{C065786A-C662-416E-98DE-93D918C81D1B}.Release|ARM.ActiveCfg = Release|Any CPU
		{C065786A-C662-416E-98DE-93D918C81D1B}.Release|ARM.Build.0 = Release|Any CPU
		{C065786A-C662-416E-98DE-93D918C81D1B}.Release|x64.ActiveCfg = Release|Any CPU
		{C065786A-C662-416E-98DE-93D918C81D1B}.Release|x64.Build.0 = Release|Any CPU
		{C065786A-C662-416E-98DE-93D918C81D1B}.Release|x86.ActiveCfg = Release|Any CPU
		{C065786A-C662-416E-98DE-93D918C81D1B}.Release|x86.Build.0 = Release|Any CPU
		{183EF3A0-DBFE-4014-A7C6-D12C656F9BB7}.Debug|Any CPU.ActiveCfg = Debug|Any CPU
		{183EF3A0-DBFE-4014-A7C6-D12C656F9BB7}.Debug|Any CPU.Build.0 = Debug|Any CPU
		{183EF3A0-DBFE-4014-A7C6-D12C656F9BB7}.Debug|ARM.ActiveCfg = Debug|Any CPU
		{183EF3A0-DBFE-4014-A7C6-D12C656F9BB7}.Debug|ARM.Build.0 = Debug|Any CPU
		{183EF3A0-DBFE-4014-A7C6-D12C656F9BB7}.Debug|x64.ActiveCfg = Debug|Any CPU
		{183EF3A0-DBFE-4014-A7C6-D12C656F9BB7}.Debug|x64.Build.0 = Debug|Any CPU
		{183EF3A0-DBFE-4014-A7C6-D12C656F9BB7}.Debug|x86.ActiveCfg = Debug|Any CPU
		{183EF3A0-DBFE-4014-A7C6-D12C656F9BB7}.Debug|x86.Build.0 = Debug|Any CPU
		{183EF3A0-DBFE-4014-A7C6-D12C656F9BB7}.Release|Any CPU.ActiveCfg = Release|Any CPU
		{183EF3A0-DBFE-4014-A7C6-D12C656F9BB7}.Release|Any CPU.Build.0 = Release|Any CPU
		{183EF3A0-DBFE-4014-A7C6-D12C656F9BB7}.Release|ARM.ActiveCfg = Release|Any CPU
		{183EF3A0-DBFE-4014-A7C6-D12C656F9BB7}.Release|ARM.Build.0 = Release|Any CPU
		{183EF3A0-DBFE-4014-A7C6-D12C656F9BB7}.Release|x64.ActiveCfg = Release|Any CPU
		{183EF3A0-DBFE-4014-A7C6-D12C656F9BB7}.Release|x64.Build.0 = Release|Any CPU
		{183EF3A0-DBFE-4014-A7C6-D12C656F9BB7}.Release|x86.ActiveCfg = Release|Any CPU
		{183EF3A0-DBFE-4014-A7C6-D12C656F9BB7}.Release|x86.Build.0 = Release|Any CPU
		{07DEB9CC-8FA7-44CC-9052-3AB9DDC000D4}.Debug|Any CPU.ActiveCfg = Debug|Any CPU
		{07DEB9CC-8FA7-44CC-9052-3AB9DDC000D4}.Debug|Any CPU.Build.0 = Debug|Any CPU
		{07DEB9CC-8FA7-44CC-9052-3AB9DDC000D4}.Debug|ARM.ActiveCfg = Debug|Any CPU
		{07DEB9CC-8FA7-44CC-9052-3AB9DDC000D4}.Debug|ARM.Build.0 = Debug|Any CPU
		{07DEB9CC-8FA7-44CC-9052-3AB9DDC000D4}.Debug|x64.ActiveCfg = Debug|Any CPU
		{07DEB9CC-8FA7-44CC-9052-3AB9DDC000D4}.Debug|x64.Build.0 = Debug|Any CPU
		{07DEB9CC-8FA7-44CC-9052-3AB9DDC000D4}.Debug|x86.ActiveCfg = Debug|Any CPU
		{07DEB9CC-8FA7-44CC-9052-3AB9DDC000D4}.Debug|x86.Build.0 = Debug|Any CPU
		{07DEB9CC-8FA7-44CC-9052-3AB9DDC000D4}.Release|Any CPU.ActiveCfg = Release|Any CPU
		{07DEB9CC-8FA7-44CC-9052-3AB9DDC000D4}.Release|Any CPU.Build.0 = Release|Any CPU
		{07DEB9CC-8FA7-44CC-9052-3AB9DDC000D4}.Release|ARM.ActiveCfg = Release|Any CPU
		{07DEB9CC-8FA7-44CC-9052-3AB9DDC000D4}.Release|ARM.Build.0 = Release|Any CPU
		{07DEB9CC-8FA7-44CC-9052-3AB9DDC000D4}.Release|x64.ActiveCfg = Release|Any CPU
		{07DEB9CC-8FA7-44CC-9052-3AB9DDC000D4}.Release|x64.Build.0 = Release|Any CPU
		{07DEB9CC-8FA7-44CC-9052-3AB9DDC000D4}.Release|x86.ActiveCfg = Release|Any CPU
		{07DEB9CC-8FA7-44CC-9052-3AB9DDC000D4}.Release|x86.Build.0 = Release|Any CPU
		{A6D66CAE-ED19-4C11-86DD-34105D27317F}.Debug|Any CPU.ActiveCfg = Debug|Any CPU
		{A6D66CAE-ED19-4C11-86DD-34105D27317F}.Debug|Any CPU.Build.0 = Debug|Any CPU
		{A6D66CAE-ED19-4C11-86DD-34105D27317F}.Debug|ARM.ActiveCfg = Debug|Any CPU
		{A6D66CAE-ED19-4C11-86DD-34105D27317F}.Debug|ARM.Build.0 = Debug|Any CPU
		{A6D66CAE-ED19-4C11-86DD-34105D27317F}.Debug|x64.ActiveCfg = Debug|Any CPU
		{A6D66CAE-ED19-4C11-86DD-34105D27317F}.Debug|x64.Build.0 = Debug|Any CPU
		{A6D66CAE-ED19-4C11-86DD-34105D27317F}.Debug|x86.ActiveCfg = Debug|Any CPU
		{A6D66CAE-ED19-4C11-86DD-34105D27317F}.Debug|x86.Build.0 = Debug|Any CPU
		{A6D66CAE-ED19-4C11-86DD-34105D27317F}.Release|Any CPU.ActiveCfg = Release|Any CPU
		{A6D66CAE-ED19-4C11-86DD-34105D27317F}.Release|Any CPU.Build.0 = Release|Any CPU
		{A6D66CAE-ED19-4C11-86DD-34105D27317F}.Release|ARM.ActiveCfg = Release|Any CPU
		{A6D66CAE-ED19-4C11-86DD-34105D27317F}.Release|ARM.Build.0 = Release|Any CPU
		{A6D66CAE-ED19-4C11-86DD-34105D27317F}.Release|x64.ActiveCfg = Release|Any CPU
		{A6D66CAE-ED19-4C11-86DD-34105D27317F}.Release|x64.Build.0 = Release|Any CPU
		{A6D66CAE-ED19-4C11-86DD-34105D27317F}.Release|x86.ActiveCfg = Release|Any CPU
		{A6D66CAE-ED19-4C11-86DD-34105D27317F}.Release|x86.Build.0 = Release|Any CPU
		{D0AABA60-5A22-4694-8507-D5808689746A}.Debug|Any CPU.ActiveCfg = Debug|Any CPU
		{D0AABA60-5A22-4694-8507-D5808689746A}.Debug|Any CPU.Build.0 = Debug|Any CPU
		{D0AABA60-5A22-4694-8507-D5808689746A}.Debug|ARM.ActiveCfg = Debug|Any CPU
		{D0AABA60-5A22-4694-8507-D5808689746A}.Debug|ARM.Build.0 = Debug|Any CPU
		{D0AABA60-5A22-4694-8507-D5808689746A}.Debug|x64.ActiveCfg = Debug|Any CPU
		{D0AABA60-5A22-4694-8507-D5808689746A}.Debug|x64.Build.0 = Debug|Any CPU
		{D0AABA60-5A22-4694-8507-D5808689746A}.Debug|x86.ActiveCfg = Debug|Any CPU
		{D0AABA60-5A22-4694-8507-D5808689746A}.Debug|x86.Build.0 = Debug|Any CPU
		{D0AABA60-5A22-4694-8507-D5808689746A}.Release|Any CPU.ActiveCfg = Release|Any CPU
		{D0AABA60-5A22-4694-8507-D5808689746A}.Release|Any CPU.Build.0 = Release|Any CPU
		{D0AABA60-5A22-4694-8507-D5808689746A}.Release|ARM.ActiveCfg = Release|Any CPU
		{D0AABA60-5A22-4694-8507-D5808689746A}.Release|ARM.Build.0 = Release|Any CPU
		{D0AABA60-5A22-4694-8507-D5808689746A}.Release|x64.ActiveCfg = Release|Any CPU
		{D0AABA60-5A22-4694-8507-D5808689746A}.Release|x64.Build.0 = Release|Any CPU
		{D0AABA60-5A22-4694-8507-D5808689746A}.Release|x86.ActiveCfg = Release|Any CPU
		{D0AABA60-5A22-4694-8507-D5808689746A}.Release|x86.Build.0 = Release|Any CPU
		{D3E632BE-C802-4A19-8377-B18A88DA5D2D}.Debug|Any CPU.ActiveCfg = Debug|Any CPU
		{D3E632BE-C802-4A19-8377-B18A88DA5D2D}.Debug|Any CPU.Build.0 = Debug|Any CPU
		{D3E632BE-C802-4A19-8377-B18A88DA5D2D}.Debug|ARM.ActiveCfg = Debug|Any CPU
		{D3E632BE-C802-4A19-8377-B18A88DA5D2D}.Debug|ARM.Build.0 = Debug|Any CPU
		{D3E632BE-C802-4A19-8377-B18A88DA5D2D}.Debug|x64.ActiveCfg = Debug|Any CPU
		{D3E632BE-C802-4A19-8377-B18A88DA5D2D}.Debug|x64.Build.0 = Debug|Any CPU
		{D3E632BE-C802-4A19-8377-B18A88DA5D2D}.Debug|x86.ActiveCfg = Debug|Any CPU
		{D3E632BE-C802-4A19-8377-B18A88DA5D2D}.Debug|x86.Build.0 = Debug|Any CPU
		{D3E632BE-C802-4A19-8377-B18A88DA5D2D}.Release|Any CPU.ActiveCfg = Release|Any CPU
		{D3E632BE-C802-4A19-8377-B18A88DA5D2D}.Release|Any CPU.Build.0 = Release|Any CPU
		{D3E632BE-C802-4A19-8377-B18A88DA5D2D}.Release|ARM.ActiveCfg = Release|Any CPU
		{D3E632BE-C802-4A19-8377-B18A88DA5D2D}.Release|ARM.Build.0 = Release|Any CPU
		{D3E632BE-C802-4A19-8377-B18A88DA5D2D}.Release|x64.ActiveCfg = Release|Any CPU
		{D3E632BE-C802-4A19-8377-B18A88DA5D2D}.Release|x64.Build.0 = Release|Any CPU
		{D3E632BE-C802-4A19-8377-B18A88DA5D2D}.Release|x86.ActiveCfg = Release|Any CPU
		{D3E632BE-C802-4A19-8377-B18A88DA5D2D}.Release|x86.Build.0 = Release|Any CPU
		{0489B9AE-070E-4467-9B2C-DBE10E56C83D}.Debug|Any CPU.ActiveCfg = Debug|Any CPU
		{0489B9AE-070E-4467-9B2C-DBE10E56C83D}.Debug|Any CPU.Build.0 = Debug|Any CPU
		{0489B9AE-070E-4467-9B2C-DBE10E56C83D}.Debug|ARM.ActiveCfg = Debug|Any CPU
		{0489B9AE-070E-4467-9B2C-DBE10E56C83D}.Debug|ARM.Build.0 = Debug|Any CPU
		{0489B9AE-070E-4467-9B2C-DBE10E56C83D}.Debug|x64.ActiveCfg = Debug|Any CPU
		{0489B9AE-070E-4467-9B2C-DBE10E56C83D}.Debug|x64.Build.0 = Debug|Any CPU
		{0489B9AE-070E-4467-9B2C-DBE10E56C83D}.Debug|x86.ActiveCfg = Debug|Any CPU
		{0489B9AE-070E-4467-9B2C-DBE10E56C83D}.Debug|x86.Build.0 = Debug|Any CPU
		{0489B9AE-070E-4467-9B2C-DBE10E56C83D}.Release|Any CPU.ActiveCfg = Release|Any CPU
		{0489B9AE-070E-4467-9B2C-DBE10E56C83D}.Release|Any CPU.Build.0 = Release|Any CPU
		{0489B9AE-070E-4467-9B2C-DBE10E56C83D}.Release|ARM.ActiveCfg = Release|Any CPU
		{0489B9AE-070E-4467-9B2C-DBE10E56C83D}.Release|ARM.Build.0 = Release|Any CPU
		{0489B9AE-070E-4467-9B2C-DBE10E56C83D}.Release|x64.ActiveCfg = Release|Any CPU
		{0489B9AE-070E-4467-9B2C-DBE10E56C83D}.Release|x64.Build.0 = Release|Any CPU
		{0489B9AE-070E-4467-9B2C-DBE10E56C83D}.Release|x86.ActiveCfg = Release|Any CPU
		{0489B9AE-070E-4467-9B2C-DBE10E56C83D}.Release|x86.Build.0 = Release|Any CPU
		{951D0376-47A8-4EE8-9B32-5849F8E5BE2B}.Debug|Any CPU.ActiveCfg = Debug|Any CPU
		{951D0376-47A8-4EE8-9B32-5849F8E5BE2B}.Debug|Any CPU.Build.0 = Debug|Any CPU
		{951D0376-47A8-4EE8-9B32-5849F8E5BE2B}.Debug|ARM.ActiveCfg = Debug|Any CPU
		{951D0376-47A8-4EE8-9B32-5849F8E5BE2B}.Debug|ARM.Build.0 = Debug|Any CPU
		{951D0376-47A8-4EE8-9B32-5849F8E5BE2B}.Debug|x64.ActiveCfg = Debug|Any CPU
		{951D0376-47A8-4EE8-9B32-5849F8E5BE2B}.Debug|x64.Build.0 = Debug|Any CPU
		{951D0376-47A8-4EE8-9B32-5849F8E5BE2B}.Debug|x86.ActiveCfg = Debug|Any CPU
		{951D0376-47A8-4EE8-9B32-5849F8E5BE2B}.Debug|x86.Build.0 = Debug|Any CPU
		{951D0376-47A8-4EE8-9B32-5849F8E5BE2B}.Release|Any CPU.ActiveCfg = Release|Any CPU
		{951D0376-47A8-4EE8-9B32-5849F8E5BE2B}.Release|Any CPU.Build.0 = Release|Any CPU
		{951D0376-47A8-4EE8-9B32-5849F8E5BE2B}.Release|ARM.ActiveCfg = Release|Any CPU
		{951D0376-47A8-4EE8-9B32-5849F8E5BE2B}.Release|ARM.Build.0 = Release|Any CPU
		{951D0376-47A8-4EE8-9B32-5849F8E5BE2B}.Release|x64.ActiveCfg = Release|Any CPU
		{951D0376-47A8-4EE8-9B32-5849F8E5BE2B}.Release|x64.Build.0 = Release|Any CPU
		{951D0376-47A8-4EE8-9B32-5849F8E5BE2B}.Release|x86.ActiveCfg = Release|Any CPU
		{951D0376-47A8-4EE8-9B32-5849F8E5BE2B}.Release|x86.Build.0 = Release|Any CPU
		{3B7AAF0C-1724-4410-BB66-FA4F72C3F1CA}.Debug|Any CPU.ActiveCfg = Debug|Any CPU
		{3B7AAF0C-1724-4410-BB66-FA4F72C3F1CA}.Debug|Any CPU.Build.0 = Debug|Any CPU
		{3B7AAF0C-1724-4410-BB66-FA4F72C3F1CA}.Debug|ARM.ActiveCfg = Debug|Any CPU
		{3B7AAF0C-1724-4410-BB66-FA4F72C3F1CA}.Debug|ARM.Build.0 = Debug|Any CPU
		{3B7AAF0C-1724-4410-BB66-FA4F72C3F1CA}.Debug|x64.ActiveCfg = Debug|Any CPU
		{3B7AAF0C-1724-4410-BB66-FA4F72C3F1CA}.Debug|x64.Build.0 = Debug|Any CPU
		{3B7AAF0C-1724-4410-BB66-FA4F72C3F1CA}.Debug|x86.ActiveCfg = Debug|Any CPU
		{3B7AAF0C-1724-4410-BB66-FA4F72C3F1CA}.Debug|x86.Build.0 = Debug|Any CPU
		{3B7AAF0C-1724-4410-BB66-FA4F72C3F1CA}.Release|Any CPU.ActiveCfg = Release|Any CPU
		{3B7AAF0C-1724-4410-BB66-FA4F72C3F1CA}.Release|Any CPU.Build.0 = Release|Any CPU
		{3B7AAF0C-1724-4410-BB66-FA4F72C3F1CA}.Release|ARM.ActiveCfg = Release|Any CPU
		{3B7AAF0C-1724-4410-BB66-FA4F72C3F1CA}.Release|ARM.Build.0 = Release|Any CPU
		{3B7AAF0C-1724-4410-BB66-FA4F72C3F1CA}.Release|x64.ActiveCfg = Release|Any CPU
		{3B7AAF0C-1724-4410-BB66-FA4F72C3F1CA}.Release|x64.Build.0 = Release|Any CPU
		{3B7AAF0C-1724-4410-BB66-FA4F72C3F1CA}.Release|x86.ActiveCfg = Release|Any CPU
		{3B7AAF0C-1724-4410-BB66-FA4F72C3F1CA}.Release|x86.Build.0 = Release|Any CPU
		{2A70A127-53A6-46F4-A04E-C3307EE95D5E}.Debug|Any CPU.ActiveCfg = Debug|Any CPU
		{2A70A127-53A6-46F4-A04E-C3307EE95D5E}.Debug|Any CPU.Build.0 = Debug|Any CPU
		{2A70A127-53A6-46F4-A04E-C3307EE95D5E}.Debug|ARM.ActiveCfg = Debug|Any CPU
		{2A70A127-53A6-46F4-A04E-C3307EE95D5E}.Debug|ARM.Build.0 = Debug|Any CPU
		{2A70A127-53A6-46F4-A04E-C3307EE95D5E}.Debug|x64.ActiveCfg = Debug|Any CPU
		{2A70A127-53A6-46F4-A04E-C3307EE95D5E}.Debug|x64.Build.0 = Debug|Any CPU
		{2A70A127-53A6-46F4-A04E-C3307EE95D5E}.Debug|x86.ActiveCfg = Debug|Any CPU
		{2A70A127-53A6-46F4-A04E-C3307EE95D5E}.Debug|x86.Build.0 = Debug|Any CPU
		{2A70A127-53A6-46F4-A04E-C3307EE95D5E}.Release|Any CPU.ActiveCfg = Release|Any CPU
		{2A70A127-53A6-46F4-A04E-C3307EE95D5E}.Release|Any CPU.Build.0 = Release|Any CPU
		{2A70A127-53A6-46F4-A04E-C3307EE95D5E}.Release|ARM.ActiveCfg = Release|Any CPU
		{2A70A127-53A6-46F4-A04E-C3307EE95D5E}.Release|ARM.Build.0 = Release|Any CPU
		{2A70A127-53A6-46F4-A04E-C3307EE95D5E}.Release|x64.ActiveCfg = Release|Any CPU
		{2A70A127-53A6-46F4-A04E-C3307EE95D5E}.Release|x64.Build.0 = Release|Any CPU
		{2A70A127-53A6-46F4-A04E-C3307EE95D5E}.Release|x86.ActiveCfg = Release|Any CPU
		{2A70A127-53A6-46F4-A04E-C3307EE95D5E}.Release|x86.Build.0 = Release|Any CPU
		{4376DDDD-8B43-407E-A24A-BFFA38D11446}.Debug|Any CPU.ActiveCfg = Debug|Any CPU
		{4376DDDD-8B43-407E-A24A-BFFA38D11446}.Debug|Any CPU.Build.0 = Debug|Any CPU
		{4376DDDD-8B43-407E-A24A-BFFA38D11446}.Debug|ARM.ActiveCfg = Debug|Any CPU
		{4376DDDD-8B43-407E-A24A-BFFA38D11446}.Debug|ARM.Build.0 = Debug|Any CPU
		{4376DDDD-8B43-407E-A24A-BFFA38D11446}.Debug|x64.ActiveCfg = Debug|Any CPU
		{4376DDDD-8B43-407E-A24A-BFFA38D11446}.Debug|x64.Build.0 = Debug|Any CPU
		{4376DDDD-8B43-407E-A24A-BFFA38D11446}.Debug|x86.ActiveCfg = Debug|Any CPU
		{4376DDDD-8B43-407E-A24A-BFFA38D11446}.Debug|x86.Build.0 = Debug|Any CPU
		{4376DDDD-8B43-407E-A24A-BFFA38D11446}.Release|Any CPU.ActiveCfg = Release|Any CPU
		{4376DDDD-8B43-407E-A24A-BFFA38D11446}.Release|Any CPU.Build.0 = Release|Any CPU
		{4376DDDD-8B43-407E-A24A-BFFA38D11446}.Release|ARM.ActiveCfg = Release|Any CPU
		{4376DDDD-8B43-407E-A24A-BFFA38D11446}.Release|ARM.Build.0 = Release|Any CPU
		{4376DDDD-8B43-407E-A24A-BFFA38D11446}.Release|x64.ActiveCfg = Release|Any CPU
		{4376DDDD-8B43-407E-A24A-BFFA38D11446}.Release|x64.Build.0 = Release|Any CPU
		{4376DDDD-8B43-407E-A24A-BFFA38D11446}.Release|x86.ActiveCfg = Release|Any CPU
		{4376DDDD-8B43-407E-A24A-BFFA38D11446}.Release|x86.Build.0 = Release|Any CPU
		{A0A2E777-961E-485C-B7F9-4CB42CEB6824}.Debug|Any CPU.ActiveCfg = Debug|Any CPU
		{A0A2E777-961E-485C-B7F9-4CB42CEB6824}.Debug|Any CPU.Build.0 = Debug|Any CPU
		{A0A2E777-961E-485C-B7F9-4CB42CEB6824}.Debug|ARM.ActiveCfg = Debug|Any CPU
		{A0A2E777-961E-485C-B7F9-4CB42CEB6824}.Debug|ARM.Build.0 = Debug|Any CPU
		{A0A2E777-961E-485C-B7F9-4CB42CEB6824}.Debug|x64.ActiveCfg = Debug|Any CPU
		{A0A2E777-961E-485C-B7F9-4CB42CEB6824}.Debug|x64.Build.0 = Debug|Any CPU
		{A0A2E777-961E-485C-B7F9-4CB42CEB6824}.Debug|x86.ActiveCfg = Debug|Any CPU
		{A0A2E777-961E-485C-B7F9-4CB42CEB6824}.Debug|x86.Build.0 = Debug|Any CPU
		{A0A2E777-961E-485C-B7F9-4CB42CEB6824}.Release|Any CPU.ActiveCfg = Release|Any CPU
		{A0A2E777-961E-485C-B7F9-4CB42CEB6824}.Release|Any CPU.Build.0 = Release|Any CPU
		{A0A2E777-961E-485C-B7F9-4CB42CEB6824}.Release|ARM.ActiveCfg = Release|Any CPU
		{A0A2E777-961E-485C-B7F9-4CB42CEB6824}.Release|ARM.Build.0 = Release|Any CPU
		{A0A2E777-961E-485C-B7F9-4CB42CEB6824}.Release|x64.ActiveCfg = Release|Any CPU
		{A0A2E777-961E-485C-B7F9-4CB42CEB6824}.Release|x64.Build.0 = Release|Any CPU
		{A0A2E777-961E-485C-B7F9-4CB42CEB6824}.Release|x86.ActiveCfg = Release|Any CPU
		{A0A2E777-961E-485C-B7F9-4CB42CEB6824}.Release|x86.Build.0 = Release|Any CPU
		{9AEB5B32-9545-417A-959D-2989D5BC2AFF}.Debug|Any CPU.ActiveCfg = Debug|Any CPU
		{9AEB5B32-9545-417A-959D-2989D5BC2AFF}.Debug|Any CPU.Build.0 = Debug|Any CPU
		{9AEB5B32-9545-417A-959D-2989D5BC2AFF}.Debug|ARM.ActiveCfg = Debug|Any CPU
		{9AEB5B32-9545-417A-959D-2989D5BC2AFF}.Debug|ARM.Build.0 = Debug|Any CPU
		{9AEB5B32-9545-417A-959D-2989D5BC2AFF}.Debug|x64.ActiveCfg = Debug|Any CPU
		{9AEB5B32-9545-417A-959D-2989D5BC2AFF}.Debug|x64.Build.0 = Debug|Any CPU
		{9AEB5B32-9545-417A-959D-2989D5BC2AFF}.Debug|x86.ActiveCfg = Debug|Any CPU
		{9AEB5B32-9545-417A-959D-2989D5BC2AFF}.Debug|x86.Build.0 = Debug|Any CPU
		{9AEB5B32-9545-417A-959D-2989D5BC2AFF}.Release|Any CPU.ActiveCfg = Release|Any CPU
		{9AEB5B32-9545-417A-959D-2989D5BC2AFF}.Release|Any CPU.Build.0 = Release|Any CPU
		{9AEB5B32-9545-417A-959D-2989D5BC2AFF}.Release|ARM.ActiveCfg = Release|Any CPU
		{9AEB5B32-9545-417A-959D-2989D5BC2AFF}.Release|ARM.Build.0 = Release|Any CPU
		{9AEB5B32-9545-417A-959D-2989D5BC2AFF}.Release|x64.ActiveCfg = Release|Any CPU
		{9AEB5B32-9545-417A-959D-2989D5BC2AFF}.Release|x64.Build.0 = Release|Any CPU
		{9AEB5B32-9545-417A-959D-2989D5BC2AFF}.Release|x86.ActiveCfg = Release|Any CPU
		{9AEB5B32-9545-417A-959D-2989D5BC2AFF}.Release|x86.Build.0 = Release|Any CPU
		{6AD29792-DEFB-4C2F-8E53-2364F2EE52D9}.Debug|Any CPU.ActiveCfg = Debug|Any CPU
		{6AD29792-DEFB-4C2F-8E53-2364F2EE52D9}.Debug|Any CPU.Build.0 = Debug|Any CPU
		{6AD29792-DEFB-4C2F-8E53-2364F2EE52D9}.Debug|ARM.ActiveCfg = Debug|Any CPU
		{6AD29792-DEFB-4C2F-8E53-2364F2EE52D9}.Debug|ARM.Build.0 = Debug|Any CPU
		{6AD29792-DEFB-4C2F-8E53-2364F2EE52D9}.Debug|x64.ActiveCfg = Debug|Any CPU
		{6AD29792-DEFB-4C2F-8E53-2364F2EE52D9}.Debug|x64.Build.0 = Debug|Any CPU
		{6AD29792-DEFB-4C2F-8E53-2364F2EE52D9}.Debug|x86.ActiveCfg = Debug|Any CPU
		{6AD29792-DEFB-4C2F-8E53-2364F2EE52D9}.Debug|x86.Build.0 = Debug|Any CPU
		{6AD29792-DEFB-4C2F-8E53-2364F2EE52D9}.Release|Any CPU.ActiveCfg = Release|Any CPU
		{6AD29792-DEFB-4C2F-8E53-2364F2EE52D9}.Release|Any CPU.Build.0 = Release|Any CPU
		{6AD29792-DEFB-4C2F-8E53-2364F2EE52D9}.Release|ARM.ActiveCfg = Release|Any CPU
		{6AD29792-DEFB-4C2F-8E53-2364F2EE52D9}.Release|ARM.Build.0 = Release|Any CPU
		{6AD29792-DEFB-4C2F-8E53-2364F2EE52D9}.Release|x64.ActiveCfg = Release|Any CPU
		{6AD29792-DEFB-4C2F-8E53-2364F2EE52D9}.Release|x64.Build.0 = Release|Any CPU
		{6AD29792-DEFB-4C2F-8E53-2364F2EE52D9}.Release|x86.ActiveCfg = Release|Any CPU
		{6AD29792-DEFB-4C2F-8E53-2364F2EE52D9}.Release|x86.Build.0 = Release|Any CPU
		{992C9614-1533-48E6-BFE7-5A65E99DAF61}.Debug|Any CPU.ActiveCfg = Debug|Any CPU
		{992C9614-1533-48E6-BFE7-5A65E99DAF61}.Debug|Any CPU.Build.0 = Debug|Any CPU
		{992C9614-1533-48E6-BFE7-5A65E99DAF61}.Debug|ARM.ActiveCfg = Debug|Any CPU
		{992C9614-1533-48E6-BFE7-5A65E99DAF61}.Debug|ARM.Build.0 = Debug|Any CPU
		{992C9614-1533-48E6-BFE7-5A65E99DAF61}.Debug|x64.ActiveCfg = Debug|Any CPU
		{992C9614-1533-48E6-BFE7-5A65E99DAF61}.Debug|x64.Build.0 = Debug|Any CPU
		{992C9614-1533-48E6-BFE7-5A65E99DAF61}.Debug|x86.ActiveCfg = Debug|Any CPU
		{992C9614-1533-48E6-BFE7-5A65E99DAF61}.Debug|x86.Build.0 = Debug|Any CPU
		{992C9614-1533-48E6-BFE7-5A65E99DAF61}.Release|Any CPU.ActiveCfg = Release|Any CPU
		{992C9614-1533-48E6-BFE7-5A65E99DAF61}.Release|Any CPU.Build.0 = Release|Any CPU
		{992C9614-1533-48E6-BFE7-5A65E99DAF61}.Release|ARM.ActiveCfg = Release|Any CPU
		{992C9614-1533-48E6-BFE7-5A65E99DAF61}.Release|ARM.Build.0 = Release|Any CPU
		{992C9614-1533-48E6-BFE7-5A65E99DAF61}.Release|x64.ActiveCfg = Release|Any CPU
		{992C9614-1533-48E6-BFE7-5A65E99DAF61}.Release|x64.Build.0 = Release|Any CPU
		{992C9614-1533-48E6-BFE7-5A65E99DAF61}.Release|x86.ActiveCfg = Release|Any CPU
		{992C9614-1533-48E6-BFE7-5A65E99DAF61}.Release|x86.Build.0 = Release|Any CPU
		{F431E84F-774C-4267-B862-044973F0CE75}.Debug|Any CPU.ActiveCfg = Debug|Any CPU
		{F431E84F-774C-4267-B862-044973F0CE75}.Debug|Any CPU.Build.0 = Debug|Any CPU
		{F431E84F-774C-4267-B862-044973F0CE75}.Debug|ARM.ActiveCfg = Debug|Any CPU
		{F431E84F-774C-4267-B862-044973F0CE75}.Debug|ARM.Build.0 = Debug|Any CPU
		{F431E84F-774C-4267-B862-044973F0CE75}.Debug|x64.ActiveCfg = Debug|Any CPU
		{F431E84F-774C-4267-B862-044973F0CE75}.Debug|x64.Build.0 = Debug|Any CPU
		{F431E84F-774C-4267-B862-044973F0CE75}.Debug|x86.ActiveCfg = Debug|Any CPU
		{F431E84F-774C-4267-B862-044973F0CE75}.Debug|x86.Build.0 = Debug|Any CPU
		{F431E84F-774C-4267-B862-044973F0CE75}.Release|Any CPU.ActiveCfg = Release|Any CPU
		{F431E84F-774C-4267-B862-044973F0CE75}.Release|Any CPU.Build.0 = Release|Any CPU
		{F431E84F-774C-4267-B862-044973F0CE75}.Release|ARM.ActiveCfg = Release|Any CPU
		{F431E84F-774C-4267-B862-044973F0CE75}.Release|ARM.Build.0 = Release|Any CPU
		{F431E84F-774C-4267-B862-044973F0CE75}.Release|x64.ActiveCfg = Release|Any CPU
		{F431E84F-774C-4267-B862-044973F0CE75}.Release|x64.Build.0 = Release|Any CPU
		{F431E84F-774C-4267-B862-044973F0CE75}.Release|x86.ActiveCfg = Release|Any CPU
		{F431E84F-774C-4267-B862-044973F0CE75}.Release|x86.Build.0 = Release|Any CPU
		{E228B38F-9330-4251-A967-3953CFDF1901}.Debug|Any CPU.ActiveCfg = Debug|Any CPU
		{E228B38F-9330-4251-A967-3953CFDF1901}.Debug|Any CPU.Build.0 = Debug|Any CPU
		{E228B38F-9330-4251-A967-3953CFDF1901}.Debug|ARM.ActiveCfg = Debug|Any CPU
		{E228B38F-9330-4251-A967-3953CFDF1901}.Debug|ARM.Build.0 = Debug|Any CPU
		{E228B38F-9330-4251-A967-3953CFDF1901}.Debug|x64.ActiveCfg = Debug|Any CPU
		{E228B38F-9330-4251-A967-3953CFDF1901}.Debug|x64.Build.0 = Debug|Any CPU
		{E228B38F-9330-4251-A967-3953CFDF1901}.Debug|x86.ActiveCfg = Debug|Any CPU
		{E228B38F-9330-4251-A967-3953CFDF1901}.Debug|x86.Build.0 = Debug|Any CPU
		{E228B38F-9330-4251-A967-3953CFDF1901}.Release|Any CPU.ActiveCfg = Release|Any CPU
		{E228B38F-9330-4251-A967-3953CFDF1901}.Release|Any CPU.Build.0 = Release|Any CPU
		{E228B38F-9330-4251-A967-3953CFDF1901}.Release|ARM.ActiveCfg = Release|Any CPU
		{E228B38F-9330-4251-A967-3953CFDF1901}.Release|ARM.Build.0 = Release|Any CPU
		{E228B38F-9330-4251-A967-3953CFDF1901}.Release|x64.ActiveCfg = Release|Any CPU
		{E228B38F-9330-4251-A967-3953CFDF1901}.Release|x64.Build.0 = Release|Any CPU
		{E228B38F-9330-4251-A967-3953CFDF1901}.Release|x86.ActiveCfg = Release|Any CPU
		{E228B38F-9330-4251-A967-3953CFDF1901}.Release|x86.Build.0 = Release|Any CPU
		{8F2E14B7-8594-4B7B-BF8E-D87265D8FF19}.Debug|Any CPU.ActiveCfg = Debug|Any CPU
		{8F2E14B7-8594-4B7B-BF8E-D87265D8FF19}.Debug|Any CPU.Build.0 = Debug|Any CPU
		{8F2E14B7-8594-4B7B-BF8E-D87265D8FF19}.Debug|ARM.ActiveCfg = Debug|Any CPU
		{8F2E14B7-8594-4B7B-BF8E-D87265D8FF19}.Debug|ARM.Build.0 = Debug|Any CPU
		{8F2E14B7-8594-4B7B-BF8E-D87265D8FF19}.Debug|x64.ActiveCfg = Debug|Any CPU
		{8F2E14B7-8594-4B7B-BF8E-D87265D8FF19}.Debug|x64.Build.0 = Debug|Any CPU
		{8F2E14B7-8594-4B7B-BF8E-D87265D8FF19}.Debug|x86.ActiveCfg = Debug|Any CPU
		{8F2E14B7-8594-4B7B-BF8E-D87265D8FF19}.Debug|x86.Build.0 = Debug|Any CPU
		{8F2E14B7-8594-4B7B-BF8E-D87265D8FF19}.Release|Any CPU.ActiveCfg = Release|Any CPU
		{8F2E14B7-8594-4B7B-BF8E-D87265D8FF19}.Release|Any CPU.Build.0 = Release|Any CPU
		{8F2E14B7-8594-4B7B-BF8E-D87265D8FF19}.Release|ARM.ActiveCfg = Release|Any CPU
		{8F2E14B7-8594-4B7B-BF8E-D87265D8FF19}.Release|ARM.Build.0 = Release|Any CPU
		{8F2E14B7-8594-4B7B-BF8E-D87265D8FF19}.Release|x64.ActiveCfg = Release|Any CPU
		{8F2E14B7-8594-4B7B-BF8E-D87265D8FF19}.Release|x64.Build.0 = Release|Any CPU
		{8F2E14B7-8594-4B7B-BF8E-D87265D8FF19}.Release|x86.ActiveCfg = Release|Any CPU
		{8F2E14B7-8594-4B7B-BF8E-D87265D8FF19}.Release|x86.Build.0 = Release|Any CPU
		{435CA6E6-EA96-4E62-B781-7BE61881A753}.Debug|Any CPU.ActiveCfg = Debug|Any CPU
		{435CA6E6-EA96-4E62-B781-7BE61881A753}.Debug|Any CPU.Build.0 = Debug|Any CPU
		{435CA6E6-EA96-4E62-B781-7BE61881A753}.Debug|ARM.ActiveCfg = Debug|Any CPU
		{435CA6E6-EA96-4E62-B781-7BE61881A753}.Debug|ARM.Build.0 = Debug|Any CPU
		{435CA6E6-EA96-4E62-B781-7BE61881A753}.Debug|x64.ActiveCfg = Debug|Any CPU
		{435CA6E6-EA96-4E62-B781-7BE61881A753}.Debug|x64.Build.0 = Debug|Any CPU
		{435CA6E6-EA96-4E62-B781-7BE61881A753}.Debug|x86.ActiveCfg = Debug|Any CPU
		{435CA6E6-EA96-4E62-B781-7BE61881A753}.Debug|x86.Build.0 = Debug|Any CPU
		{435CA6E6-EA96-4E62-B781-7BE61881A753}.Release|Any CPU.ActiveCfg = Release|Any CPU
		{435CA6E6-EA96-4E62-B781-7BE61881A753}.Release|Any CPU.Build.0 = Release|Any CPU
		{435CA6E6-EA96-4E62-B781-7BE61881A753}.Release|ARM.ActiveCfg = Release|Any CPU
		{435CA6E6-EA96-4E62-B781-7BE61881A753}.Release|ARM.Build.0 = Release|Any CPU
		{435CA6E6-EA96-4E62-B781-7BE61881A753}.Release|x64.ActiveCfg = Release|Any CPU
		{435CA6E6-EA96-4E62-B781-7BE61881A753}.Release|x64.Build.0 = Release|Any CPU
		{435CA6E6-EA96-4E62-B781-7BE61881A753}.Release|x86.ActiveCfg = Release|Any CPU
		{435CA6E6-EA96-4E62-B781-7BE61881A753}.Release|x86.Build.0 = Release|Any CPU
	EndGlobalSection
	GlobalSection(SolutionProperties) = preSolution
		HideSolutionNode = FALSE
	EndGlobalSection
	GlobalSection(NestedProjects) = preSolution
		{DF8702F7-691D-4B82-BD1B-A4DB64B081F0} = {44730D39-C672-4CC0-B983-26CC9D7E59C1}
		{B13A6288-7B69-4B53-9138-2E20A8D5CFC5} = {A9E3AD0D-91F4-48B4-9509-5C06B54C7374}
		{A6C32CF9-EA77-44C2-B798-2C3BF650B260} = {19C83FDC-2BC9-42D6-9F51-3A0B822FABAD}
		{7C687B03-B59D-4892-B1D8-9924863FA04C} = {19C83FDC-2BC9-42D6-9F51-3A0B822FABAD}
		{76458653-510C-44DB-9DB4-6888EF203DD0} = {19C83FDC-2BC9-42D6-9F51-3A0B822FABAD}
		{1E3E89DF-8FE3-483E-BA21-6469694F7C0F} = {19C83FDC-2BC9-42D6-9F51-3A0B822FABAD}
		{2C838B0E-5C99-4CAB-8A29-A05AEAD18FF0} = {19C83FDC-2BC9-42D6-9F51-3A0B822FABAD}
		{7A5F1035-906E-4F26-9FD1-8FC98D8F7F35} = {19C83FDC-2BC9-42D6-9F51-3A0B822FABAD}
		{63DE55FB-3997-4BBA-8709-98EAB475100A} = {19C83FDC-2BC9-42D6-9F51-3A0B822FABAD}
		{70310CB2-F68C-4DC7-BCD6-730E6A0228D3} = {19C83FDC-2BC9-42D6-9F51-3A0B822FABAD}
		{CA7890D8-F34F-4A12-A0F2-E7CAAC61CF56} = {19C83FDC-2BC9-42D6-9F51-3A0B822FABAD}
		{7945CA45-B9C6-4EDF-9794-6B3B9DD9EE5E} = {19C83FDC-2BC9-42D6-9F51-3A0B822FABAD}
		{B16B534A-75FA-4299-9EF9-F4DF801266A0} = {19C83FDC-2BC9-42D6-9F51-3A0B822FABAD}
		{6E027771-5500-4555-822C-C7FE6AC8709D} = {19C83FDC-2BC9-42D6-9F51-3A0B822FABAD}
		{D3BFF103-53CB-46DC-A0E8-05A01E11099B} = {A9E3AD0D-91F4-48B4-9509-5C06B54C7374}
		{4082257D-FC8E-4D37-8489-89AAFC9D4A38} = {19C83FDC-2BC9-42D6-9F51-3A0B822FABAD}
		{1523DA42-DB7E-47B5-8AE6-305100F3891A} = {4082257D-FC8E-4D37-8489-89AAFC9D4A38}
		{5452AAEA-A679-4056-A2F7-8B6F8137CCAC} = {19C83FDC-2BC9-42D6-9F51-3A0B822FABAD}
		{9575AC94-3760-483F-9403-A77E7CFE8F46} = {5452AAEA-A679-4056-A2F7-8B6F8137CCAC}
		{1523DA42-DB7E-47B5-8AE6-305100F3891B} = {4082257D-FC8E-4D37-8489-89AAFC9D4A38}
		{9575AC94-3760-483F-9403-A77E7CFE8F47} = {5452AAEA-A679-4056-A2F7-8B6F8137CCAC}
		{2A75C8B3-5122-4E7E-A0CF-A0AD5FFA60B2} = {44730D39-C672-4CC0-B983-26CC9D7E59C1}
		{C6EFE2AC-63BD-4574-B4A1-9AC80CA5AD2E} = {19C83FDC-2BC9-42D6-9F51-3A0B822FABAD}
		{A6302463-CC32-4060-B8DF-466479046038} = {19C83FDC-2BC9-42D6-9F51-3A0B822FABAD}
		{4DF84F72-0995-44ED-AC0A-A07327F078A2} = {19C83FDC-2BC9-42D6-9F51-3A0B822FABAD}
		{F09EAEEB-6630-452D-A6AB-1DCB7E24EE68} = {19C83FDC-2BC9-42D6-9F51-3A0B822FABAD}
		{FC0416FA-3D07-4924-8E5F-E49D833CD58F} = {19C83FDC-2BC9-42D6-9F51-3A0B822FABAD}
		{0F66ED6A-B9E2-483D-99E3-67D71706C449} = {19C83FDC-2BC9-42D6-9F51-3A0B822FABAD}
		{590A529B-0078-44C6-90B7-03DBD869E689} = {19C83FDC-2BC9-42D6-9F51-3A0B822FABAD}
		{C4B3EE2C-BF21-4AF9-9CB7-F16D37FAD9FE} = {19C83FDC-2BC9-42D6-9F51-3A0B822FABAD}
		{AA7A423E-7C41-4285-A89B-FFC04003692E} = {C4B3EE2C-BF21-4AF9-9CB7-F16D37FAD9FE}
		{C065786A-C662-416E-98DE-93D918C81D1B} = {0705A394-A139-4ECB-94DC-F20DE9B66960}
		{183EF3A0-DBFE-4014-A7C6-D12C656F9BB7} = {19C83FDC-2BC9-42D6-9F51-3A0B822FABAD}
		{07DEB9CC-8FA7-44CC-9052-3AB9DDC000D4} = {19C83FDC-2BC9-42D6-9F51-3A0B822FABAD}
		{A6D66CAE-ED19-4C11-86DD-34105D27317F} = {19C83FDC-2BC9-42D6-9F51-3A0B822FABAD}
		{D0AABA60-5A22-4694-8507-D5808689746A} = {19C83FDC-2BC9-42D6-9F51-3A0B822FABAD}
		{D3E632BE-C802-4A19-8377-B18A88DA5D2D} = {19C83FDC-2BC9-42D6-9F51-3A0B822FABAD}
		{0489B9AE-070E-4467-9B2C-DBE10E56C83D} = {19C83FDC-2BC9-42D6-9F51-3A0B822FABAD}
		{951D0376-47A8-4EE8-9B32-5849F8E5BE2B} = {19C83FDC-2BC9-42D6-9F51-3A0B822FABAD}
		{3B7AAF0C-1724-4410-BB66-FA4F72C3F1CA} = {19C83FDC-2BC9-42D6-9F51-3A0B822FABAD}
		{2A70A127-53A6-46F4-A04E-C3307EE95D5E} = {19C83FDC-2BC9-42D6-9F51-3A0B822FABAD}
		{4376DDDD-8B43-407E-A24A-BFFA38D11446} = {19C83FDC-2BC9-42D6-9F51-3A0B822FABAD}
		{A0A2E777-961E-485C-B7F9-4CB42CEB6824} = {19C83FDC-2BC9-42D6-9F51-3A0B822FABAD}
		{9AEB5B32-9545-417A-959D-2989D5BC2AFF} = {19C83FDC-2BC9-42D6-9F51-3A0B822FABAD}
		{6AD29792-DEFB-4C2F-8E53-2364F2EE52D9} = {19C83FDC-2BC9-42D6-9F51-3A0B822FABAD}
		{992C9614-1533-48E6-BFE7-5A65E99DAF61} = {19C83FDC-2BC9-42D6-9F51-3A0B822FABAD}
		{F431E84F-774C-4267-B862-044973F0CE75} = {19C83FDC-2BC9-42D6-9F51-3A0B822FABAD}
		{E228B38F-9330-4251-A967-3953CFDF1901} = {19C83FDC-2BC9-42D6-9F51-3A0B822FABAD}
		{8F2E14B7-8594-4B7B-BF8E-D87265D8FF19} = {19C83FDC-2BC9-42D6-9F51-3A0B822FABAD}
		{435CA6E6-EA96-4E62-B781-7BE61881A753} = {19C83FDC-2BC9-42D6-9F51-3A0B822FABAD}
	EndGlobalSection
	GlobalSection(ExtensibilityGlobals) = postSolution
		SolutionGuid = {9D3A508A-1F0B-4364-9FEC-16AF376DA11D}
	EndGlobalSection
EndGlobal
