
Microsoft Visual Studio Solution File, Format Version 12.00
# Visual Studio Version 16
VisualStudioVersion = 16.0.30320.27
MinimumVisualStudioVersion = 10.0.40219.1
Project("{9A19103F-16F7-4668-BE54-9A1E7A4F7556}") = "Demo", "Demo\Demo.csproj", "{9EC9A231-3B22-4747-85E6-AB32F66C6D8C}"
EndProject
Project("{FAE04EC0-301F-11D3-BF4B-00C04F79EFBC}") = "Demo.Android", "Demo.Android\Demo.Android.csproj", "{64E477BB-7E52-43CC-9F98-991D91DB69EE}"
EndProject
Project("{FAE04EC0-301F-11D3-BF4B-00C04F79EFBC}") = "Demo.iOS", "Demo.iOS\Demo.iOS.csproj", "{E2A584CE-B566-4856-BBEA-B54FABAAA991}"
EndProject
Project("{FAE04EC0-301F-11D3-BF4B-00C04F79EFBC}") = "Demo.UWP", "Demo.UWP\Demo.UWP.csproj", "{D1A28D9F-C9FD-4568-8882-EB9C4C0DC891}"
EndProject
Global
	GlobalSection(SolutionConfigurationPlatforms) = preSolution
		Ad-Hoc|Any CPU = Ad-Hoc|Any CPU
		Ad-Hoc|ARM = Ad-Hoc|ARM
		Ad-Hoc|iPhone = Ad-Hoc|iPhone
		Ad-Hoc|iPhoneSimulator = Ad-Hoc|iPhoneSimulator
		Ad-Hoc|x64 = Ad-Hoc|x64
		Ad-Hoc|x86 = Ad-Hoc|x86
		AppStore|Any CPU = AppStore|Any CPU
		AppStore|ARM = AppStore|ARM
		AppStore|iPhone = AppStore|iPhone
		AppStore|iPhoneSimulator = AppStore|iPhoneSimulator
		AppStore|x64 = AppStore|x64
		AppStore|x86 = AppStore|x86
		Debug|Any CPU = Debug|Any CPU
		Debug|ARM = Debug|ARM
		Debug|iPhone = Debug|iPhone
		Debug|iPhoneSimulator = Debug|iPhoneSimulator
		Debug|x64 = Debug|x64
		Debug|x86 = Debug|x86
		Release|Any CPU = Release|Any CPU
		Release|ARM = Release|ARM
		Release|iPhone = Release|iPhone
		Release|iPhoneSimulator = Release|iPhoneSimulator
		Release|x64 = Release|x64
		Release|x86 = Release|x86
	EndGlobalSection
	GlobalSection(ProjectConfigurationPlatforms) = postSolution
		{9EC9A231-3B22-4747-85E6-AB32F66C6D8C}.Ad-Hoc|Any CPU.ActiveCfg = Debug|Any CPU
		{9EC9A231-3B22-4747-85E6-AB32F66C6D8C}.Ad-Hoc|Any CPU.Build.0 = Debug|Any CPU
		{9EC9A231-3B22-4747-85E6-AB32F66C6D8C}.Ad-Hoc|ARM.ActiveCfg = Release|Any CPU
		{9EC9A231-3B22-4747-85E6-AB32F66C6D8C}.Ad-Hoc|ARM.Build.0 = Release|Any CPU
		{9EC9A231-3B22-4747-85E6-AB32F66C6D8C}.Ad-Hoc|iPhone.ActiveCfg = Debug|Any CPU
		{9EC9A231-3B22-4747-85E6-AB32F66C6D8C}.Ad-Hoc|iPhone.Build.0 = Debug|Any CPU
		{9EC9A231-3B22-4747-85E6-AB32F66C6D8C}.Ad-Hoc|iPhoneSimulator.ActiveCfg = Debug|Any CPU
		{9EC9A231-3B22-4747-85E6-AB32F66C6D8C}.Ad-Hoc|iPhoneSimulator.Build.0 = Debug|Any CPU
		{9EC9A231-3B22-4747-85E6-AB32F66C6D8C}.Ad-Hoc|x64.ActiveCfg = Release|Any CPU
		{9EC9A231-3B22-4747-85E6-AB32F66C6D8C}.Ad-Hoc|x64.Build.0 = Release|Any CPU
		{9EC9A231-3B22-4747-85E6-AB32F66C6D8C}.Ad-Hoc|x86.ActiveCfg = Release|Any CPU
		{9EC9A231-3B22-4747-85E6-AB32F66C6D8C}.Ad-Hoc|x86.Build.0 = Release|Any CPU
		{9EC9A231-3B22-4747-85E6-AB32F66C6D8C}.AppStore|Any CPU.ActiveCfg = Debug|Any CPU
		{9EC9A231-3B22-4747-85E6-AB32F66C6D8C}.AppStore|Any CPU.Build.0 = Debug|Any CPU
		{9EC9A231-3B22-4747-85E6-AB32F66C6D8C}.AppStore|ARM.ActiveCfg = Release|Any CPU
		{9EC9A231-3B22-4747-85E6-AB32F66C6D8C}.AppStore|ARM.Build.0 = Release|Any CPU
		{9EC9A231-3B22-4747-85E6-AB32F66C6D8C}.AppStore|iPhone.ActiveCfg = Debug|Any CPU
		{9EC9A231-3B22-4747-85E6-AB32F66C6D8C}.AppStore|iPhone.Build.0 = Debug|Any CPU
		{9EC9A231-3B22-4747-85E6-AB32F66C6D8C}.AppStore|iPhoneSimulator.ActiveCfg = Debug|Any CPU
		{9EC9A231-3B22-4747-85E6-AB32F66C6D8C}.AppStore|iPhoneSimulator.Build.0 = Debug|Any CPU
		{9EC9A231-3B22-4747-85E6-AB32F66C6D8C}.AppStore|x64.ActiveCfg = Release|Any CPU
		{9EC9A231-3B22-4747-85E6-AB32F66C6D8C}.AppStore|x64.Build.0 = Release|Any CPU
		{9EC9A231-3B22-4747-85E6-AB32F66C6D8C}.AppStore|x86.ActiveCfg = Release|Any CPU
		{9EC9A231-3B22-4747-85E6-AB32F66C6D8C}.AppStore|x86.Build.0 = Release|Any CPU
		{9EC9A231-3B22-4747-85E6-AB32F66C6D8C}.Debug|Any CPU.ActiveCfg = Debug|Any CPU
		{9EC9A231-3B22-4747-85E6-AB32F66C6D8C}.Debug|Any CPU.Build.0 = Debug|Any CPU
		{9EC9A231-3B22-4747-85E6-AB32F66C6D8C}.Debug|ARM.ActiveCfg = Debug|Any CPU
		{9EC9A231-3B22-4747-85E6-AB32F66C6D8C}.Debug|ARM.Build.0 = Debug|Any CPU
		{9EC9A231-3B22-4747-85E6-AB32F66C6D8C}.Debug|iPhone.ActiveCfg = Debug|Any CPU
		{9EC9A231-3B22-4747-85E6-AB32F66C6D8C}.Debug|iPhone.Build.0 = Debug|Any CPU
		{9EC9A231-3B22-4747-85E6-AB32F66C6D8C}.Debug|iPhoneSimulator.ActiveCfg = Debug|Any CPU
		{9EC9A231-3B22-4747-85E6-AB32F66C6D8C}.Debug|iPhoneSimulator.Build.0 = Debug|Any CPU
		{9EC9A231-3B22-4747-85E6-AB32F66C6D8C}.Debug|x64.ActiveCfg = Debug|Any CPU
		{9EC9A231-3B22-4747-85E6-AB32F66C6D8C}.Debug|x64.Build.0 = Debug|Any CPU
		{9EC9A231-3B22-4747-85E6-AB32F66C6D8C}.Debug|x86.ActiveCfg = Debug|Any CPU
		{9EC9A231-3B22-4747-85E6-AB32F66C6D8C}.Debug|x86.Build.0 = Debug|Any CPU
		{9EC9A231-3B22-4747-85E6-AB32F66C6D8C}.Release|Any CPU.ActiveCfg = Release|Any CPU
		{9EC9A231-3B22-4747-85E6-AB32F66C6D8C}.Release|Any CPU.Build.0 = Release|Any CPU
		{9EC9A231-3B22-4747-85E6-AB32F66C6D8C}.Release|ARM.ActiveCfg = Release|Any CPU
		{9EC9A231-3B22-4747-85E6-AB32F66C6D8C}.Release|ARM.Build.0 = Release|Any CPU
		{9EC9A231-3B22-4747-85E6-AB32F66C6D8C}.Release|iPhone.ActiveCfg = Release|Any CPU
		{9EC9A231-3B22-4747-85E6-AB32F66C6D8C}.Release|iPhone.Build.0 = Release|Any CPU
		{9EC9A231-3B22-4747-85E6-AB32F66C6D8C}.Release|iPhoneSimulator.ActiveCfg = Release|Any CPU
		{9EC9A231-3B22-4747-85E6-AB32F66C6D8C}.Release|iPhoneSimulator.Build.0 = Release|Any CPU
		{9EC9A231-3B22-4747-85E6-AB32F66C6D8C}.Release|x64.ActiveCfg = Release|Any CPU
		{9EC9A231-3B22-4747-85E6-AB32F66C6D8C}.Release|x64.Build.0 = Release|Any CPU
		{9EC9A231-3B22-4747-85E6-AB32F66C6D8C}.Release|x86.ActiveCfg = Release|Any CPU
		{9EC9A231-3B22-4747-85E6-AB32F66C6D8C}.Release|x86.Build.0 = Release|Any CPU
		{64E477BB-7E52-43CC-9F98-991D91DB69EE}.Ad-Hoc|Any CPU.ActiveCfg = Release|Any CPU
		{64E477BB-7E52-43CC-9F98-991D91DB69EE}.Ad-Hoc|Any CPU.Build.0 = Release|Any CPU
		{64E477BB-7E52-43CC-9F98-991D91DB69EE}.Ad-Hoc|Any CPU.Deploy.0 = Release|Any CPU
		{64E477BB-7E52-43CC-9F98-991D91DB69EE}.Ad-Hoc|ARM.ActiveCfg = Debug|Any CPU
		{64E477BB-7E52-43CC-9F98-991D91DB69EE}.Ad-Hoc|ARM.Build.0 = Debug|Any CPU
		{64E477BB-7E52-43CC-9F98-991D91DB69EE}.Ad-Hoc|ARM.Deploy.0 = Debug|Any CPU
		{64E477BB-7E52-43CC-9F98-991D91DB69EE}.Ad-Hoc|iPhone.ActiveCfg = Release|Any CPU
		{64E477BB-7E52-43CC-9F98-991D91DB69EE}.Ad-Hoc|iPhone.Build.0 = Release|Any CPU
		{64E477BB-7E52-43CC-9F98-991D91DB69EE}.Ad-Hoc|iPhone.Deploy.0 = Release|Any CPU
		{64E477BB-7E52-43CC-9F98-991D91DB69EE}.Ad-Hoc|iPhoneSimulator.ActiveCfg = Release|Any CPU
		{64E477BB-7E52-43CC-9F98-991D91DB69EE}.Ad-Hoc|iPhoneSimulator.Build.0 = Release|Any CPU
		{64E477BB-7E52-43CC-9F98-991D91DB69EE}.Ad-Hoc|iPhoneSimulator.Deploy.0 = Release|Any CPU
		{64E477BB-7E52-43CC-9F98-991D91DB69EE}.Ad-Hoc|x64.ActiveCfg = Debug|Any CPU
		{64E477BB-7E52-43CC-9F98-991D91DB69EE}.Ad-Hoc|x64.Build.0 = Debug|Any CPU
		{64E477BB-7E52-43CC-9F98-991D91DB69EE}.Ad-Hoc|x64.Deploy.0 = Debug|Any CPU
		{64E477BB-7E52-43CC-9F98-991D91DB69EE}.Ad-Hoc|x86.ActiveCfg = Debug|Any CPU
		{64E477BB-7E52-43CC-9F98-991D91DB69EE}.Ad-Hoc|x86.Build.0 = Debug|Any CPU
		{64E477BB-7E52-43CC-9F98-991D91DB69EE}.Ad-Hoc|x86.Deploy.0 = Debug|Any CPU
		{64E477BB-7E52-43CC-9F98-991D91DB69EE}.AppStore|Any CPU.ActiveCfg = Release|Any CPU
		{64E477BB-7E52-43CC-9F98-991D91DB69EE}.AppStore|Any CPU.Build.0 = Release|Any CPU
		{64E477BB-7E52-43CC-9F98-991D91DB69EE}.AppStore|Any CPU.Deploy.0 = Release|Any CPU
		{64E477BB-7E52-43CC-9F98-991D91DB69EE}.AppStore|ARM.ActiveCfg = Debug|Any CPU
		{64E477BB-7E52-43CC-9F98-991D91DB69EE}.AppStore|ARM.Build.0 = Debug|Any CPU
		{64E477BB-7E52-43CC-9F98-991D91DB69EE}.AppStore|ARM.Deploy.0 = Debug|Any CPU
		{64E477BB-7E52-43CC-9F98-991D91DB69EE}.AppStore|iPhone.ActiveCfg = Release|Any CPU
		{64E477BB-7E52-43CC-9F98-991D91DB69EE}.AppStore|iPhone.Build.0 = Release|Any CPU
		{64E477BB-7E52-43CC-9F98-991D91DB69EE}.AppStore|iPhone.Deploy.0 = Release|Any CPU
		{64E477BB-7E52-43CC-9F98-991D91DB69EE}.AppStore|iPhoneSimulator.ActiveCfg = Release|Any CPU
		{64E477BB-7E52-43CC-9F98-991D91DB69EE}.AppStore|iPhoneSimulator.Build.0 = Release|Any CPU
		{64E477BB-7E52-43CC-9F98-991D91DB69EE}.AppStore|iPhoneSimulator.Deploy.0 = Release|Any CPU
		{64E477BB-7E52-43CC-9F98-991D91DB69EE}.AppStore|x64.ActiveCfg = Debug|Any CPU
		{64E477BB-7E52-43CC-9F98-991D91DB69EE}.AppStore|x64.Build.0 = Debug|Any CPU
		{64E477BB-7E52-43CC-9F98-991D91DB69EE}.AppStore|x64.Deploy.0 = Debug|Any CPU
		{64E477BB-7E52-43CC-9F98-991D91DB69EE}.AppStore|x86.ActiveCfg = Debug|Any CPU
		{64E477BB-7E52-43CC-9F98-991D91DB69EE}.AppStore|x86.Build.0 = Debug|Any CPU
		{64E477BB-7E52-43CC-9F98-991D91DB69EE}.AppStore|x86.Deploy.0 = Debug|Any CPU
		{64E477BB-7E52-43CC-9F98-991D91DB69EE}.Debug|Any CPU.ActiveCfg = Debug|Any CPU
		{64E477BB-7E52-43CC-9F98-991D91DB69EE}.Debug|Any CPU.Build.0 = Debug|Any CPU
		{64E477BB-7E52-43CC-9F98-991D91DB69EE}.Debug|Any CPU.Deploy.0 = Debug|Any CPU
		{64E477BB-7E52-43CC-9F98-991D91DB69EE}.Debug|ARM.ActiveCfg = Debug|Any CPU
		{64E477BB-7E52-43CC-9F98-991D91DB69EE}.Debug|ARM.Build.0 = Debug|Any CPU
		{64E477BB-7E52-43CC-9F98-991D91DB69EE}.Debug|ARM.Deploy.0 = Debug|Any CPU
		{64E477BB-7E52-43CC-9F98-991D91DB69EE}.Debug|iPhone.ActiveCfg = Debug|Any CPU
		{64E477BB-7E52-43CC-9F98-991D91DB69EE}.Debug|iPhone.Build.0 = Debug|Any CPU
		{64E477BB-7E52-43CC-9F98-991D91DB69EE}.Debug|iPhone.Deploy.0 = Debug|Any CPU
		{64E477BB-7E52-43CC-9F98-991D91DB69EE}.Debug|iPhoneSimulator.ActiveCfg = Debug|Any CPU
		{64E477BB-7E52-43CC-9F98-991D91DB69EE}.Debug|iPhoneSimulator.Build.0 = Debug|Any CPU
		{64E477BB-7E52-43CC-9F98-991D91DB69EE}.Debug|iPhoneSimulator.Deploy.0 = Debug|Any CPU
		{64E477BB-7E52-43CC-9F98-991D91DB69EE}.Debug|x64.ActiveCfg = Debug|Any CPU
		{64E477BB-7E52-43CC-9F98-991D91DB69EE}.Debug|x64.Build.0 = Debug|Any CPU
		{64E477BB-7E52-43CC-9F98-991D91DB69EE}.Debug|x64.Deploy.0 = Debug|Any CPU
		{64E477BB-7E52-43CC-9F98-991D91DB69EE}.Debug|x86.ActiveCfg = Debug|Any CPU
		{64E477BB-7E52-43CC-9F98-991D91DB69EE}.Debug|x86.Build.0 = Debug|Any CPU
		{64E477BB-7E52-43CC-9F98-991D91DB69EE}.Debug|x86.Deploy.0 = Debug|Any CPU
		{64E477BB-7E52-43CC-9F98-991D91DB69EE}.Release|Any CPU.ActiveCfg = Release|Any CPU
		{64E477BB-7E52-43CC-9F98-991D91DB69EE}.Release|Any CPU.Build.0 = Release|Any CPU
		{64E477BB-7E52-43CC-9F98-991D91DB69EE}.Release|Any CPU.Deploy.0 = Release|Any CPU
		{64E477BB-7E52-43CC-9F98-991D91DB69EE}.Release|ARM.ActiveCfg = Release|Any CPU
		{64E477BB-7E52-43CC-9F98-991D91DB69EE}.Release|ARM.Build.0 = Release|Any CPU
		{64E477BB-7E52-43CC-9F98-991D91DB69EE}.Release|ARM.Deploy.0 = Release|Any CPU
		{64E477BB-7E52-43CC-9F98-991D91DB69EE}.Release|iPhone.ActiveCfg = Release|Any CPU
		{64E477BB-7E52-43CC-9F98-991D91DB69EE}.Release|iPhone.Build.0 = Release|Any CPU
		{64E477BB-7E52-43CC-9F98-991D91DB69EE}.Release|iPhone.Deploy.0 = Release|Any CPU
		{64E477BB-7E52-43CC-9F98-991D91DB69EE}.Release|iPhoneSimulator.ActiveCfg = Release|Any CPU
		{64E477BB-7E52-43CC-9F98-991D91DB69EE}.Release|iPhoneSimulator.Build.0 = Release|Any CPU
		{64E477BB-7E52-43CC-9F98-991D91DB69EE}.Release|iPhoneSimulator.Deploy.0 = Release|Any CPU
		{64E477BB-7E52-43CC-9F98-991D91DB69EE}.Release|x64.ActiveCfg = Release|Any CPU
		{64E477BB-7E52-43CC-9F98-991D91DB69EE}.Release|x64.Build.0 = Release|Any CPU
		{64E477BB-7E52-43CC-9F98-991D91DB69EE}.Release|x64.Deploy.0 = Release|Any CPU
		{64E477BB-7E52-43CC-9F98-991D91DB69EE}.Release|x86.ActiveCfg = Release|Any CPU
		{64E477BB-7E52-43CC-9F98-991D91DB69EE}.Release|x86.Build.0 = Release|Any CPU
		{64E477BB-7E52-43CC-9F98-991D91DB69EE}.Release|x86.Deploy.0 = Release|Any CPU
		{E2A584CE-B566-4856-BBEA-B54FABAAA991}.Ad-Hoc|Any CPU.ActiveCfg = Ad-Hoc|iPhone
		{E2A584CE-B566-4856-BBEA-B54FABAAA991}.Ad-Hoc|ARM.ActiveCfg = Ad-Hoc|iPhoneSimulator
		{E2A584CE-B566-4856-BBEA-B54FABAAA991}.Ad-Hoc|iPhone.ActiveCfg = Ad-Hoc|iPhone
		{E2A584CE-B566-4856-BBEA-B54FABAAA991}.Ad-Hoc|iPhone.Build.0 = Ad-Hoc|iPhone
		{E2A584CE-B566-4856-BBEA-B54FABAAA991}.Ad-Hoc|iPhoneSimulator.ActiveCfg = Ad-Hoc|iPhoneSimulator
		{E2A584CE-B566-4856-BBEA-B54FABAAA991}.Ad-Hoc|iPhoneSimulator.Build.0 = Ad-Hoc|iPhoneSimulator
		{E2A584CE-B566-4856-BBEA-B54FABAAA991}.Ad-Hoc|x64.ActiveCfg = Ad-Hoc|iPhoneSimulator
		{E2A584CE-B566-4856-BBEA-B54FABAAA991}.Ad-Hoc|x86.ActiveCfg = Ad-Hoc|iPhoneSimulator
		{E2A584CE-B566-4856-BBEA-B54FABAAA991}.AppStore|Any CPU.ActiveCfg = AppStore|iPhone
		{E2A584CE-B566-4856-BBEA-B54FABAAA991}.AppStore|ARM.ActiveCfg = AppStore|iPhoneSimulator
		{E2A584CE-B566-4856-BBEA-B54FABAAA991}.AppStore|iPhone.ActiveCfg = AppStore|iPhone
		{E2A584CE-B566-4856-BBEA-B54FABAAA991}.AppStore|iPhone.Build.0 = AppStore|iPhone
		{E2A584CE-B566-4856-BBEA-B54FABAAA991}.AppStore|iPhoneSimulator.ActiveCfg = AppStore|iPhoneSimulator
		{E2A584CE-B566-4856-BBEA-B54FABAAA991}.AppStore|iPhoneSimulator.Build.0 = AppStore|iPhoneSimulator
		{E2A584CE-B566-4856-BBEA-B54FABAAA991}.AppStore|x64.ActiveCfg = AppStore|iPhoneSimulator
		{E2A584CE-B566-4856-BBEA-B54FABAAA991}.AppStore|x86.ActiveCfg = AppStore|iPhoneSimulator
		{E2A584CE-B566-4856-BBEA-B54FABAAA991}.Debug|Any CPU.ActiveCfg = Debug|iPhone
		{E2A584CE-B566-4856-BBEA-B54FABAAA991}.Debug|ARM.ActiveCfg = Debug|iPhoneSimulator
		{E2A584CE-B566-4856-BBEA-B54FABAAA991}.Debug|iPhone.ActiveCfg = Debug|iPhone
		{E2A584CE-B566-4856-BBEA-B54FABAAA991}.Debug|iPhone.Build.0 = Debug|iPhone
		{E2A584CE-B566-4856-BBEA-B54FABAAA991}.Debug|iPhone.Deploy.0 = Debug|iPhone
		{E2A584CE-B566-4856-BBEA-B54FABAAA991}.Debug|iPhoneSimulator.ActiveCfg = Debug|iPhoneSimulator
		{E2A584CE-B566-4856-BBEA-B54FABAAA991}.Debug|iPhoneSimulator.Build.0 = Debug|iPhoneSimulator
		{E2A584CE-B566-4856-BBEA-B54FABAAA991}.Debug|x64.ActiveCfg = Debug|iPhoneSimulator
		{E2A584CE-B566-4856-BBEA-B54FABAAA991}.Debug|x86.ActiveCfg = Debug|iPhoneSimulator
		{E2A584CE-B566-4856-BBEA-B54FABAAA991}.Release|Any CPU.ActiveCfg = Release|iPhone
		{E2A584CE-B566-4856-BBEA-B54FABAAA991}.Release|ARM.ActiveCfg = Release|iPhoneSimulator
		{E2A584CE-B566-4856-BBEA-B54FABAAA991}.Release|iPhone.ActiveCfg = Release|iPhone
		{E2A584CE-B566-4856-BBEA-B54FABAAA991}.Release|iPhone.Build.0 = Release|iPhone
		{E2A584CE-B566-4856-BBEA-B54FABAAA991}.Release|iPhone.Deploy.0 = Release|iPhone
		{E2A584CE-B566-4856-BBEA-B54FABAAA991}.Release|iPhoneSimulator.ActiveCfg = Release|iPhoneSimulator
		{E2A584CE-B566-4856-BBEA-B54FABAAA991}.Release|iPhoneSimulator.Build.0 = Release|iPhoneSimulator
		{E2A584CE-B566-4856-BBEA-B54FABAAA991}.Release|x64.ActiveCfg = Release|iPhoneSimulator
		{E2A584CE-B566-4856-BBEA-B54FABAAA991}.Release|x86.ActiveCfg = Release|iPhoneSimulator
		{D1A28D9F-C9FD-4568-8882-EB9C4C0DC891}.Ad-Hoc|Any CPU.ActiveCfg = Debug|ARM
		{D1A28D9F-C9FD-4568-8882-EB9C4C0DC891}.Ad-Hoc|Any CPU.Build.0 = Debug|ARM
		{D1A28D9F-C9FD-4568-8882-EB9C4C0DC891}.Ad-Hoc|Any CPU.Deploy.0 = Debug|ARM
		{D1A28D9F-C9FD-4568-8882-EB9C4C0DC891}.Ad-Hoc|ARM.ActiveCfg = Debug|ARM
		{D1A28D9F-C9FD-4568-8882-EB9C4C0DC891}.Ad-Hoc|ARM.Build.0 = Debug|ARM
		{D1A28D9F-C9FD-4568-8882-EB9C4C0DC891}.Ad-Hoc|ARM.Deploy.0 = Debug|ARM
		{D1A28D9F-C9FD-4568-8882-EB9C4C0DC891}.Ad-Hoc|iPhone.ActiveCfg = Debug|ARM
		{D1A28D9F-C9FD-4568-8882-EB9C4C0DC891}.Ad-Hoc|iPhone.Build.0 = Debug|ARM
		{D1A28D9F-C9FD-4568-8882-EB9C4C0DC891}.Ad-Hoc|iPhone.Deploy.0 = Debug|ARM
		{D1A28D9F-C9FD-4568-8882-EB9C4C0DC891}.Ad-Hoc|iPhoneSimulator.ActiveCfg = Debug|ARM
		{D1A28D9F-C9FD-4568-8882-EB9C4C0DC891}.Ad-Hoc|iPhoneSimulator.Build.0 = Debug|ARM
		{D1A28D9F-C9FD-4568-8882-EB9C4C0DC891}.Ad-Hoc|iPhoneSimulator.Deploy.0 = Debug|ARM
		{D1A28D9F-C9FD-4568-8882-EB9C4C0DC891}.Ad-Hoc|x64.ActiveCfg = Debug|x64
		{D1A28D9F-C9FD-4568-8882-EB9C4C0DC891}.Ad-Hoc|x64.Build.0 = Debug|x64
		{D1A28D9F-C9FD-4568-8882-EB9C4C0DC891}.Ad-Hoc|x64.Deploy.0 = Debug|x64
		{D1A28D9F-C9FD-4568-8882-EB9C4C0DC891}.Ad-Hoc|x86.ActiveCfg = Debug|x86
		{D1A28D9F-C9FD-4568-8882-EB9C4C0DC891}.Ad-Hoc|x86.Build.0 = Debug|x86
		{D1A28D9F-C9FD-4568-8882-EB9C4C0DC891}.Ad-Hoc|x86.Deploy.0 = Debug|x86
		{D1A28D9F-C9FD-4568-8882-EB9C4C0DC891}.AppStore|Any CPU.ActiveCfg = Debug|ARM
		{D1A28D9F-C9FD-4568-8882-EB9C4C0DC891}.AppStore|Any CPU.Build.0 = Debug|ARM
		{D1A28D9F-C9FD-4568-8882-EB9C4C0DC891}.AppStore|Any CPU.Deploy.0 = Debug|ARM
		{D1A28D9F-C9FD-4568-8882-EB9C4C0DC891}.AppStore|ARM.ActiveCfg = Debug|ARM
		{D1A28D9F-C9FD-4568-8882-EB9C4C0DC891}.AppStore|ARM.Build.0 = Debug|ARM
		{D1A28D9F-C9FD-4568-8882-EB9C4C0DC891}.AppStore|ARM.Deploy.0 = Debug|ARM
		{D1A28D9F-C9FD-4568-8882-EB9C4C0DC891}.AppStore|iPhone.ActiveCfg = Debug|ARM
		{D1A28D9F-C9FD-4568-8882-EB9C4C0DC891}.AppStore|iPhone.Build.0 = Debug|ARM
		{D1A28D9F-C9FD-4568-8882-EB9C4C0DC891}.AppStore|iPhone.Deploy.0 = Debug|ARM
		{D1A28D9F-C9FD-4568-8882-EB9C4C0DC891}.AppStore|iPhoneSimulator.ActiveCfg = Debug|ARM
		{D1A28D9F-C9FD-4568-8882-EB9C4C0DC891}.AppStore|iPhoneSimulator.Build.0 = Debug|ARM
		{D1A28D9F-C9FD-4568-8882-EB9C4C0DC891}.AppStore|iPhoneSimulator.Deploy.0 = Debug|ARM
		{D1A28D9F-C9FD-4568-8882-EB9C4C0DC891}.AppStore|x64.ActiveCfg = Debug|x64
		{D1A28D9F-C9FD-4568-8882-EB9C4C0DC891}.AppStore|x64.Build.0 = Debug|x64
		{D1A28D9F-C9FD-4568-8882-EB9C4C0DC891}.AppStore|x64.Deploy.0 = Debug|x64
		{D1A28D9F-C9FD-4568-8882-EB9C4C0DC891}.AppStore|x86.ActiveCfg = Debug|x86
		{D1A28D9F-C9FD-4568-8882-EB9C4C0DC891}.AppStore|x86.Build.0 = Debug|x86
		{D1A28D9F-C9FD-4568-8882-EB9C4C0DC891}.AppStore|x86.Deploy.0 = Debug|x86
		{D1A28D9F-C9FD-4568-8882-EB9C4C0DC891}.Debug|Any CPU.ActiveCfg = Debug|x86
		{D1A28D9F-C9FD-4568-8882-EB9C4C0DC891}.Debug|ARM.ActiveCfg = Debug|ARM
		{D1A28D9F-C9FD-4568-8882-EB9C4C0DC891}.Debug|ARM.Build.0 = Debug|ARM
		{D1A28D9F-C9FD-4568-8882-EB9C4C0DC891}.Debug|ARM.Deploy.0 = Debug|ARM
		{D1A28D9F-C9FD-4568-8882-EB9C4C0DC891}.Debug|iPhone.ActiveCfg = Debug|x86
		{D1A28D9F-C9FD-4568-8882-EB9C4C0DC891}.Debug|iPhoneSimulator.ActiveCfg = Debug|x86
		{D1A28D9F-C9FD-4568-8882-EB9C4C0DC891}.Debug|x64.ActiveCfg = Debug|x64
		{D1A28D9F-C9FD-4568-8882-EB9C4C0DC891}.Debug|x64.Build.0 = Debug|x64
		{D1A28D9F-C9FD-4568-8882-EB9C4C0DC891}.Debug|x64.Deploy.0 = Debug|x64
		{D1A28D9F-C9FD-4568-8882-EB9C4C0DC891}.Debug|x86.ActiveCfg = Debug|x86
		{D1A28D9F-C9FD-4568-8882-EB9C4C0DC891}.Debug|x86.Build.0 = Debug|x86
		{D1A28D9F-C9FD-4568-8882-EB9C4C0DC891}.Debug|x86.Deploy.0 = Debug|x86
		{D1A28D9F-C9FD-4568-8882-EB9C4C0DC891}.Release|Any CPU.ActiveCfg = Release|x86
		{D1A28D9F-C9FD-4568-8882-EB9C4C0DC891}.Release|ARM.ActiveCfg = Release|ARM
		{D1A28D9F-C9FD-4568-8882-EB9C4C0DC891}.Release|ARM.Build.0 = Release|ARM
		{D1A28D9F-C9FD-4568-8882-EB9C4C0DC891}.Release|ARM.Deploy.0 = Release|ARM
		{D1A28D9F-C9FD-4568-8882-EB9C4C0DC891}.Release|iPhone.ActiveCfg = Release|x86
		{D1A28D9F-C9FD-4568-8882-EB9C4C0DC891}.Release|iPhoneSimulator.ActiveCfg = Release|x86
		{D1A28D9F-C9FD-4568-8882-EB9C4C0DC891}.Release|x64.ActiveCfg = Release|x64
		{D1A28D9F-C9FD-4568-8882-EB9C4C0DC891}.Release|x64.Build.0 = Release|x64
		{D1A28D9F-C9FD-4568-8882-EB9C4C0DC891}.Release|x64.Deploy.0 = Release|x64
		{D1A28D9F-C9FD-4568-8882-EB9C4C0DC891}.Release|x86.ActiveCfg = Release|x86
		{D1A28D9F-C9FD-4568-8882-EB9C4C0DC891}.Release|x86.Build.0 = Release|x86
		{D1A28D9F-C9FD-4568-8882-EB9C4C0DC891}.Release|x86.Deploy.0 = Release|x86
	EndGlobalSection
	GlobalSection(SolutionProperties) = preSolution
		HideSolutionNode = FALSE
	EndGlobalSection
	GlobalSection(ExtensibilityGlobals) = postSolution
		SolutionGuid = {7A9955B0-7C63-4823-9044-BEF7770225CD}
	EndGlobalSection
EndGlobal
